{
  "pins" : [
    {
      "identity" : "anycodable",
      "kind" : "remoteSourceControl",
      "location" : "https://github.com/Flight-School/AnyCodable",
      "state" : {
        "revision" : "862808b2070cd908cb04f9aafe7de83d35f81b05",
        "version" : "0.6.7"
      }
    },
    {
      "identity" : "klaviyo-swift-sdk",
      "kind" : "remoteSourceControl",
      "location" : "https://github.com/klaviyo/klaviyo-swift-sdk",
      "state" : {
        "branch" : "as/testing-rich-push-in-sdk",
        "revision" : "5ea72614676f4572734ce2722cbdd0ff32d22e37"
      }
    }
  ],
  "version" : 2
}
