{
  "pins" : [
    {
      "identity" : "anycodable",
      "kind" : "remoteSourceControl",
      "location" : "https://github.com/Flight-School/AnyCodable",
      "state" : {
        "revision" : "862808b2070cd908cb04f9aafe7de83d35f81b05",
        "version" : "0.6.7"
      }
    },
    {
      "identity" : "klaviyo-swift-sdk",
      "kind" : "remoteSourceControl",
      "location" : "https://github.com/klaviyo/klaviyo-swift-sdk",
      "state" : {
        "revision" : "eb0e8ac0860326eabd420fec8016df5d82513b1c",
        "version" : "2.1.0-beta1"
      }
    }
  ],
  "version" : 2
}
