// !$*UTF8*$!
{
	archiveVersion = 1;
	classes = {
	};
	objectVersion = 46;
	objects = {

/* Begin PBXAggregateTarget section */
		"klaviyo-swift-sdk::klaviyo-swift-sdkPackageTests::ProductTarget" /* klaviyo-swift-sdkPackageTests */ = {
			isa = PBXAggregateTarget;
			buildConfigurationList = OBJ_57 /* Build configuration list for PBXAggregateTarget "klaviyo-swift-sdkPackageTests" */;
			buildPhases = (
			);
			dependencies = (
				OBJ_60 /* PBXTargetDependency */,
			);
			name = "klaviyo-swift-sdkPackageTests";
			productName = "klaviyo-swift-sdkPackageTests";
		};
/* End PBXAggregateTarget section */

/* Begin PBXBuildFile section */
		7C375BC028E77149008605B3 /* KlaviyoTestUtils.swift in Sources */ = {isa = PBXBuildFile; fileRef = 7C375BBF28E77149008605B3 /* KlaviyoTestUtils.swift */; };
		OBJ_33 /* ArchivalUtils.swift in Sources */ = {isa = PBXBuildFile; fileRef = OBJ_9 /* ArchivalUtils.swift */; };
		OBJ_34 /* FileUtils.swift in Sources */ = {isa = PBXBuildFile; fileRef = OBJ_10 /* FileUtils.swift */; };
		OBJ_35 /* Klaviyo.swift in Sources */ = {isa = PBXBuildFile; fileRef = OBJ_11 /* Klaviyo.swift */; };
		OBJ_36 /* KlaviyoEnvironment.swift in Sources */ = {isa = PBXBuildFile; fileRef = OBJ_12 /* KlaviyoEnvironment.swift */; };
		OBJ_37 /* ReachabilitySwift.swift in Sources */ = {isa = PBXBuildFile; fileRef = OBJ_13 /* ReachabilitySwift.swift */; };
		OBJ_44 /* ArchivalUtilsTests.swift in Sources */ = {isa = PBXBuildFile; fileRef = OBJ_16 /* ArchivalUtilsTests.swift */; };
		OBJ_45 /* FileUtilsTests.swift in Sources */ = {isa = PBXBuildFile; fileRef = OBJ_17 /* FileUtilsTests.swift */; };
		OBJ_46 /* Tests.swift in Sources */ = {isa = PBXBuildFile; fileRef = OBJ_18 /* Tests.swift */; };
		OBJ_48 /* KlaviyoSwift.framework in Frameworks */ = {isa = PBXBuildFile; fileRef = "klaviyo-swift-sdk::KlaviyoSwift::Product" /* KlaviyoSwift.framework */; };
		OBJ_55 /* Package.swift in Sources */ = {isa = PBXBuildFile; fileRef = OBJ_6 /* Package.swift */; };
/* End PBXBuildFile section */

/* Begin PBXContainerItemProxy section */
		7C375BBD28E76F44008605B3 /* PBXContainerItemProxy */ = {
			isa = PBXContainerItemProxy;
			containerPortal = OBJ_1 /* Project object */;
			proxyType = 1;
			remoteGlobalIDString = "klaviyo-swift-sdk::KlaviyoSwift";
			remoteInfo = KlaviyoSwift;
		};
		7C375BBE28E76F44008605B3 /* PBXContainerItemProxy */ = {
			isa = PBXContainerItemProxy;
			containerPortal = OBJ_1 /* Project object */;
			proxyType = 1;
			remoteGlobalIDString = "klaviyo-swift-sdk::KlaviyoSwiftTests";
			remoteInfo = KlaviyoSwiftTests;
		};
/* End PBXContainerItemProxy section */

/* Begin PBXFileReference section */
		7C375BBF28E77149008605B3 /* KlaviyoTestUtils.swift */ = {isa = PBXFileReference; lastKnownFileType = sourcecode.swift; path = KlaviyoTestUtils.swift; sourceTree = "<group>"; };
		OBJ_10 /* FileUtils.swift */ = {isa = PBXFileReference; lastKnownFileType = sourcecode.swift; path = FileUtils.swift; sourceTree = "<group>"; };
		OBJ_11 /* Klaviyo.swift */ = {isa = PBXFileReference; lastKnownFileType = sourcecode.swift; path = Klaviyo.swift; sourceTree = "<group>"; };
		OBJ_12 /* KlaviyoEnvironment.swift */ = {isa = PBXFileReference; lastKnownFileType = sourcecode.swift; path = KlaviyoEnvironment.swift; sourceTree = "<group>"; };
		OBJ_13 /* ReachabilitySwift.swift */ = {isa = PBXFileReference; lastKnownFileType = sourcecode.swift; path = ReachabilitySwift.swift; sourceTree = "<group>"; };
		OBJ_16 /* ArchivalUtilsTests.swift */ = {isa = PBXFileReference; lastKnownFileType = sourcecode.swift; path = ArchivalUtilsTests.swift; sourceTree = "<group>"; };
		OBJ_17 /* FileUtilsTests.swift */ = {isa = PBXFileReference; lastKnownFileType = sourcecode.swift; path = FileUtilsTests.swift; sourceTree = "<group>"; };
		OBJ_18 /* Tests.swift */ = {isa = PBXFileReference; lastKnownFileType = sourcecode.swift; path = Tests.swift; sourceTree = "<group>"; };
		OBJ_22 /* fastlane */ = {isa = PBXFileReference; lastKnownFileType = folder; path = fastlane; sourceTree = SOURCE_ROOT; };
		OBJ_23 /* LICENSE */ = {isa = PBXFileReference; lastKnownFileType = text; path = LICENSE; sourceTree = "<group>"; };
		OBJ_24 /* README.md */ = {isa = PBXFileReference; lastKnownFileType = net.daringfireball.markdown; path = README.md; sourceTree = "<group>"; };
		OBJ_25 /* KlaviyoSwift.podspec */ = {isa = PBXFileReference; lastKnownFileType = text; path = KlaviyoSwift.podspec; sourceTree = "<group>"; };
		OBJ_26 /* Gemfile */ = {isa = PBXFileReference; lastKnownFileType = text; path = Gemfile; sourceTree = "<group>"; };
		OBJ_27 /* Gemfile.lock */ = {isa = PBXFileReference; lastKnownFileType = text; path = Gemfile.lock; sourceTree = "<group>"; };
		OBJ_6 /* Package.swift */ = {isa = PBXFileReference; explicitFileType = sourcecode.swift; path = Package.swift; sourceTree = "<group>"; };
		OBJ_9 /* ArchivalUtils.swift */ = {isa = PBXFileReference; lastKnownFileType = sourcecode.swift; path = ArchivalUtils.swift; sourceTree = "<group>"; };
		"klaviyo-swift-sdk::KlaviyoSwift::Product" /* KlaviyoSwift.framework */ = {isa = PBXFileReference; lastKnownFileType = wrapper.framework; path = KlaviyoSwift.framework; sourceTree = BUILT_PRODUCTS_DIR; };
		"klaviyo-swift-sdk::KlaviyoSwiftTests::Product" /* KlaviyoSwiftTests.xctest */ = {isa = PBXFileReference; lastKnownFileType = file; path = KlaviyoSwiftTests.xctest; sourceTree = BUILT_PRODUCTS_DIR; };
/* End PBXFileReference section */

/* Begin PBXFrameworksBuildPhase section */
		OBJ_38 /* Frameworks */ = {
			isa = PBXFrameworksBuildPhase;
			buildActionMask = 0;
			files = (
			);
			runOnlyForDeploymentPostprocessing = 0;
		};
		OBJ_47 /* Frameworks */ = {
			isa = PBXFrameworksBuildPhase;
			buildActionMask = 0;
			files = (
				OBJ_48 /* KlaviyoSwift.framework in Frameworks */,
			);
			runOnlyForDeploymentPostprocessing = 0;
		};
/* End PBXFrameworksBuildPhase section */

/* Begin PBXGroup section */
		OBJ_14 /* Tests */ = {
			isa = PBXGroup;
			children = (
				OBJ_15 /* KlaviyoSwiftTests */,
			);
			name = Tests;
			sourceTree = SOURCE_ROOT;
		};
		OBJ_15 /* KlaviyoSwiftTests */ = {
			isa = PBXGroup;
			children = (
				OBJ_16 /* ArchivalUtilsTests.swift */,
				OBJ_17 /* FileUtilsTests.swift */,
				OBJ_18 /* Tests.swift */,
				7C375BBF28E77149008605B3 /* KlaviyoTestUtils.swift */,
			);
			name = KlaviyoSwiftTests;
			path = Tests/KlaviyoSwiftTests;
			sourceTree = SOURCE_ROOT;
		};
		OBJ_19 /* Products */ = {
			isa = PBXGroup;
			children = (
				"klaviyo-swift-sdk::KlaviyoSwift::Product" /* KlaviyoSwift.framework */,
				"klaviyo-swift-sdk::KlaviyoSwiftTests::Product" /* KlaviyoSwiftTests.xctest */,
			);
			name = Products;
			sourceTree = BUILT_PRODUCTS_DIR;
		};
		OBJ_5 /*  */ = {
			isa = PBXGroup;
			children = (
				OBJ_6 /* Package.swift */,
				OBJ_7 /* Sources */,
				OBJ_14 /* Tests */,
				OBJ_19 /* Products */,
				OBJ_22 /* fastlane */,
				OBJ_23 /* LICENSE */,
				OBJ_24 /* README.md */,
				OBJ_25 /* KlaviyoSwift.podspec */,
				OBJ_26 /* Gemfile */,
				OBJ_27 /* Gemfile.lock */,
			);
			name = "";
			sourceTree = "<group>";
		};
		OBJ_7 /* Sources */ = {
			isa = PBXGroup;
			children = (
				OBJ_8 /* KlaviyoSwift */,
			);
			name = Sources;
			sourceTree = SOURCE_ROOT;
		};
		OBJ_8 /* KlaviyoSwift */ = {
			isa = PBXGroup;
			children = (
				OBJ_9 /* ArchivalUtils.swift */,
				OBJ_10 /* FileUtils.swift */,
				OBJ_11 /* Klaviyo.swift */,
				OBJ_12 /* KlaviyoEnvironment.swift */,
				OBJ_13 /* ReachabilitySwift.swift */,
			);
			name = KlaviyoSwift;
			path = Sources/KlaviyoSwift;
			sourceTree = SOURCE_ROOT;
		};
/* End PBXGroup section */

/* Begin PBXNativeTarget section */
		"klaviyo-swift-sdk::KlaviyoSwift" /* KlaviyoSwift */ = {
			isa = PBXNativeTarget;
			buildConfigurationList = OBJ_29 /* Build configuration list for PBXNativeTarget "KlaviyoSwift" */;
			buildPhases = (
				OBJ_32 /* Sources */,
				OBJ_38 /* Frameworks */,
			);
			buildRules = (
			);
			dependencies = (
			);
			name = KlaviyoSwift;
			productName = KlaviyoSwift;
			productReference = "klaviyo-swift-sdk::KlaviyoSwift::Product" /* KlaviyoSwift.framework */;
			productType = "com.apple.product-type.framework";
		};
		"klaviyo-swift-sdk::KlaviyoSwiftTests" /* KlaviyoSwiftTests */ = {
			isa = PBXNativeTarget;
			buildConfigurationList = OBJ_40 /* Build configuration list for PBXNativeTarget "KlaviyoSwiftTests" */;
			buildPhases = (
				OBJ_43 /* Sources */,
				OBJ_47 /* Frameworks */,
			);
			buildRules = (
			);
			dependencies = (
				OBJ_49 /* PBXTargetDependency */,
			);
			name = KlaviyoSwiftTests;
			productName = KlaviyoSwiftTests;
			productReference = "klaviyo-swift-sdk::KlaviyoSwiftTests::Product" /* KlaviyoSwiftTests.xctest */;
			productType = "com.apple.product-type.bundle.unit-test";
		};
		"klaviyo-swift-sdk::SwiftPMPackageDescription" /* klaviyo-swift-sdkPackageDescription */ = {
			isa = PBXNativeTarget;
			buildConfigurationList = OBJ_51 /* Build configuration list for PBXNativeTarget "klaviyo-swift-sdkPackageDescription" */;
			buildPhases = (
				OBJ_54 /* Sources */,
			);
			buildRules = (
			);
			dependencies = (
			);
			name = "klaviyo-swift-sdkPackageDescription";
			productName = "klaviyo-swift-sdkPackageDescription";
			productType = "com.apple.product-type.framework";
		};
/* End PBXNativeTarget section */

/* Begin PBXProject section */
		OBJ_1 /* Project object */ = {
			isa = PBXProject;
			attributes = {
				LastSwiftMigration = 9999;
				LastUpgradeCheck = 9999;
			};
			buildConfigurationList = OBJ_2 /* Build configuration list for PBXProject "klaviyo-swift-sdk" */;
			compatibilityVersion = "Xcode 3.2";
			developmentRegion = en;
			hasScannedForEncodings = 0;
			knownRegions = (
				en,
			);
			mainGroup = OBJ_5 /*  */;
			productRefGroup = OBJ_19 /* Products */;
			projectDirPath = "";
			projectRoot = "";
			targets = (
				"klaviyo-swift-sdk::KlaviyoSwift" /* KlaviyoSwift */,
				"klaviyo-swift-sdk::KlaviyoSwiftTests" /* KlaviyoSwiftTests */,
				"klaviyo-swift-sdk::SwiftPMPackageDescription" /* klaviyo-swift-sdkPackageDescription */,
				"klaviyo-swift-sdk::klaviyo-swift-sdkPackageTests::ProductTarget" /* klaviyo-swift-sdkPackageTests */,
			);
		};
/* End PBXProject section */

/* Begin PBXSourcesBuildPhase section */
		OBJ_32 /* Sources */ = {
			isa = PBXSourcesBuildPhase;
			buildActionMask = 0;
			files = (
				OBJ_33 /* ArchivalUtils.swift in Sources */,
				OBJ_34 /* FileUtils.swift in Sources */,
				OBJ_35 /* Klaviyo.swift in Sources */,
				OBJ_36 /* KlaviyoEnvironment.swift in Sources */,
				OBJ_37 /* ReachabilitySwift.swift in Sources */,
			);
			runOnlyForDeploymentPostprocessing = 0;
		};
		OBJ_43 /* Sources */ = {
			isa = PBXSourcesBuildPhase;
			buildActionMask = 0;
			files = (
				OBJ_44 /* ArchivalUtilsTests.swift in Sources */,
				7C375BC028E77149008605B3 /* KlaviyoTestUtils.swift in Sources */,
				OBJ_45 /* FileUtilsTests.swift in Sources */,
				OBJ_46 /* Tests.swift in Sources */,
			);
			runOnlyForDeploymentPostprocessing = 0;
		};
		OBJ_54 /* Sources */ = {
			isa = PBXSourcesBuildPhase;
			buildActionMask = 0;
			files = (
				OBJ_55 /* Package.swift in Sources */,
			);
			runOnlyForDeploymentPostprocessing = 0;
		};
/* End PBXSourcesBuildPhase section */

/* Begin PBXTargetDependency section */
		OBJ_49 /* PBXTargetDependency */ = {
			isa = PBXTargetDependency;
			target = "klaviyo-swift-sdk::KlaviyoSwift" /* KlaviyoSwift */;
			targetProxy = 7C375BBD28E76F44008605B3 /* PBXContainerItemProxy */;
		};
		OBJ_60 /* PBXTargetDependency */ = {
			isa = PBXTargetDependency;
			target = "klaviyo-swift-sdk::KlaviyoSwiftTests" /* KlaviyoSwiftTests */;
			targetProxy = 7C375BBE28E76F44008605B3 /* PBXContainerItemProxy */;
		};
/* End PBXTargetDependency section */

/* Begin XCBuildConfiguration section */
		OBJ_3 /* Debug */ = {
			isa = XCBuildConfiguration;
			buildSettings = {
				CLANG_ENABLE_OBJC_ARC = YES;
				COMBINE_HIDPI_IMAGES = YES;
				COPY_PHASE_STRIP = NO;
				DEBUG_INFORMATION_FORMAT = dwarf;
				DYLIB_INSTALL_NAME_BASE = "@rpath";
				ENABLE_NS_ASSERTIONS = YES;
				GCC_OPTIMIZATION_LEVEL = 0;
				GCC_PREPROCESSOR_DEFINITIONS = (
					"$(inherited)",
					"SWIFT_PACKAGE=1",
					"DEBUG=1",
				);
				MACOSX_DEPLOYMENT_TARGET = 10.10;
				ONLY_ACTIVE_ARCH = YES;
				OTHER_SWIFT_FLAGS = "$(inherited) -DXcode";
				PRODUCT_NAME = "$(TARGET_NAME)";
				SDKROOT = macosx;
				SUPPORTED_PLATFORMS = "$(AVAILABLE_PLATFORMS)";
				SUPPORTS_MACCATALYST = YES;
				SWIFT_ACTIVE_COMPILATION_CONDITIONS = "$(inherited) SWIFT_PACKAGE DEBUG";
				SWIFT_OPTIMIZATION_LEVEL = "-Onone";
				USE_HEADERMAP = NO;
			};
			name = Debug;
		};
		OBJ_30 /* Debug */ = {
			isa = XCBuildConfiguration;
			buildSettings = {
				CURRENT_PROJECT_VERSION = 1;
				DRIVERKIT_DEPLOYMENT_TARGET = 19.0;
				ENABLE_TESTABILITY = YES;
				FRAMEWORK_SEARCH_PATHS = (
					"$(inherited)",
					"$(PLATFORM_DIR)/Developer/Library/Frameworks",
				);
				HEADER_SEARCH_PATHS = "$(inherited)";
				INFOPLIST_FILE = "klaviyo-swift-sdk.xcodeproj/KlaviyoSwift_Info.plist";
				IPHONEOS_DEPLOYMENT_TARGET = 13.0;
				LD_RUNPATH_SEARCH_PATHS = "$(inherited) $(TOOLCHAIN_DIR)/usr/lib/swift/macosx";
				MACOSX_DEPLOYMENT_TARGET = 10.10;
				OTHER_CFLAGS = "$(inherited)";
				OTHER_LDFLAGS = "$(inherited)";
				OTHER_SWIFT_FLAGS = "$(inherited)";
				PRODUCT_BUNDLE_IDENTIFIER = KlaviyoSwift;
				PRODUCT_MODULE_NAME = "$(TARGET_NAME:c99extidentifier)";
				PRODUCT_NAME = "$(TARGET_NAME:c99extidentifier)";
				SKIP_INSTALL = YES;
				SWIFT_ACTIVE_COMPILATION_CONDITIONS = "$(inherited)";
				SWIFT_VERSION = 5.0;
				TARGET_NAME = KlaviyoSwift;
				TVOS_DEPLOYMENT_TARGET = 9.0;
				WATCHOS_DEPLOYMENT_TARGET = 2.0;
			};
			name = Debug;
		};
		OBJ_31 /* Release */ = {
			isa = XCBuildConfiguration;
			buildSettings = {
				CURRENT_PROJECT_VERSION = 1;
				DRIVERKIT_DEPLOYMENT_TARGET = 19.0;
				ENABLE_TESTABILITY = YES;
				FRAMEWORK_SEARCH_PATHS = (
					"$(inherited)",
					"$(PLATFORM_DIR)/Developer/Library/Frameworks",
				);
				HEADER_SEARCH_PATHS = "$(inherited)";
				INFOPLIST_FILE = "klaviyo-swift-sdk.xcodeproj/KlaviyoSwift_Info.plist";
				IPHONEOS_DEPLOYMENT_TARGET = 13.0;
				LD_RUNPATH_SEARCH_PATHS = "$(inherited) $(TOOLCHAIN_DIR)/usr/lib/swift/macosx";
				MACOSX_DEPLOYMENT_TARGET = 10.10;
				OTHER_CFLAGS = "$(inherited)";
				OTHER_LDFLAGS = "$(inherited)";
				OTHER_SWIFT_FLAGS = "$(inherited)";
				PRODUCT_BUNDLE_IDENTIFIER = KlaviyoSwift;
				PRODUCT_MODULE_NAME = "$(TARGET_NAME:c99extidentifier)";
				PRODUCT_NAME = "$(TARGET_NAME:c99extidentifier)";
				SKIP_INSTALL = YES;
				SWIFT_ACTIVE_COMPILATION_CONDITIONS = "$(inherited)";
				SWIFT_VERSION = 5.0;
				TARGET_NAME = KlaviyoSwift;
				TVOS_DEPLOYMENT_TARGET = 9.0;
				WATCHOS_DEPLOYMENT_TARGET = 2.0;
			};
			name = Release;
		};
		OBJ_4 /* Release */ = {
			isa = XCBuildConfiguration;
			buildSettings = {
				CLANG_ENABLE_OBJC_ARC = YES;
				COMBINE_HIDPI_IMAGES = YES;
				COPY_PHASE_STRIP = YES;
				DEBUG_INFORMATION_FORMAT = "dwarf-with-dsym";
				DYLIB_INSTALL_NAME_BASE = "@rpath";
				GCC_OPTIMIZATION_LEVEL = s;
				GCC_PREPROCESSOR_DEFINITIONS = (
					"$(inherited)",
					"SWIFT_PACKAGE=1",
				);
				MACOSX_DEPLOYMENT_TARGET = 10.10;
				OTHER_SWIFT_FLAGS = "$(inherited) -DXcode";
				PRODUCT_NAME = "$(TARGET_NAME)";
				SDKROOT = macosx;
				SUPPORTED_PLATFORMS = "$(AVAILABLE_PLATFORMS)";
				SUPPORTS_MACCATALYST = YES;
				SWIFT_ACTIVE_COMPILATION_CONDITIONS = "$(inherited) SWIFT_PACKAGE";
				SWIFT_OPTIMIZATION_LEVEL = "-Owholemodule";
				USE_HEADERMAP = NO;
			};
			name = Release;
		};
		OBJ_41 /* Debug */ = {
			isa = XCBuildConfiguration;
			buildSettings = {
				CLANG_ENABLE_MODULES = YES;
				CURRENT_PROJECT_VERSION = 1;
				DRIVERKIT_DEPLOYMENT_TARGET = 19.0;
				EMBEDDED_CONTENT_CONTAINS_SWIFT = YES;
				FRAMEWORK_SEARCH_PATHS = (
					"$(inherited)",
					"$(PLATFORM_DIR)/Developer/Library/Frameworks",
				);
				HEADER_SEARCH_PATHS = "$(inherited)";
				INFOPLIST_FILE = "klaviyo-swift-sdk.xcodeproj/KlaviyoSwiftTests_Info.plist";
				IPHONEOS_DEPLOYMENT_TARGET = 14.0;
				LD_RUNPATH_SEARCH_PATHS = "$(inherited) @loader_path/../Frameworks @loader_path/Frameworks";
				MACOSX_DEPLOYMENT_TARGET = 11.0;
				OTHER_CFLAGS = "$(inherited)";
				OTHER_LDFLAGS = "$(inherited)";
				OTHER_SWIFT_FLAGS = "$(inherited)";
				SWIFT_ACTIVE_COMPILATION_CONDITIONS = "$(inherited)";
				SWIFT_VERSION = 5.0;
				TARGET_NAME = KlaviyoSwiftTests;
				TVOS_DEPLOYMENT_TARGET = 14.0;
				WATCHOS_DEPLOYMENT_TARGET = 7.0;
			};
			name = Debug;
		};
		OBJ_42 /* Release */ = {
			isa = XCBuildConfiguration;
			buildSettings = {
				CLANG_ENABLE_MODULES = YES;
				CURRENT_PROJECT_VERSION = 1;
				DRIVERKIT_DEPLOYMENT_TARGET = 19.0;
				EMBEDDED_CONTENT_CONTAINS_SWIFT = YES;
				FRAMEWORK_SEARCH_PATHS = (
					"$(inherited)",
					"$(PLATFORM_DIR)/Developer/Library/Frameworks",
				);
				HEADER_SEARCH_PATHS = "$(inherited)";
				INFOPLIST_FILE = "klaviyo-swift-sdk.xcodeproj/KlaviyoSwiftTests_Info.plist";
				IPHONEOS_DEPLOYMENT_TARGET = 14.0;
				LD_RUNPATH_SEARCH_PATHS = "$(inherited) @loader_path/../Frameworks @loader_path/Frameworks";
				MACOSX_DEPLOYMENT_TARGET = 11.0;
				OTHER_CFLAGS = "$(inherited)";
				OTHER_LDFLAGS = "$(inherited)";
				OTHER_SWIFT_FLAGS = "$(inherited)";
				SWIFT_ACTIVE_COMPILATION_CONDITIONS = "$(inherited)";
				SWIFT_VERSION = 5.0;
				TARGET_NAME = KlaviyoSwiftTests;
				TVOS_DEPLOYMENT_TARGET = 14.0;
				WATCHOS_DEPLOYMENT_TARGET = 7.0;
			};
			name = Release;
		};
		OBJ_52 /* Debug */ = {
			isa = XCBuildConfiguration;
			buildSettings = {
				LD = /usr/bin/true;
				OTHER_SWIFT_FLAGS = "-swift-version 5 -I $(TOOLCHAIN_DIR)/usr/lib/swift/pm/ManifestAPI -sdk /Users/noah.durell/Downloads/Xcode.app/Contents/Developer/Platforms/MacOSX.platform/Developer/SDKs/MacOSX12.3.sdk -package-description-version 5.6.0";
				SWIFT_VERSION = 5.0;
			};
			name = Debug;
		};
		OBJ_53 /* Release */ = {
			isa = XCBuildConfiguration;
			buildSettings = {
				LD = /usr/bin/true;
				OTHER_SWIFT_FLAGS = "-swift-version 5 -I $(TOOLCHAIN_DIR)/usr/lib/swift/pm/ManifestAPI -sdk /Users/noah.durell/Downloads/Xcode.app/Contents/Developer/Platforms/MacOSX.platform/Developer/SDKs/MacOSX12.3.sdk -package-description-version 5.6.0";
				SWIFT_VERSION = 5.0;
			};
			name = Release;
		};
		OBJ_58 /* Debug */ = {
			isa = XCBuildConfiguration;
			buildSettings = {
			};
			name = Debug;
		};
		OBJ_59 /* Release */ = {
			isa = XCBuildConfiguration;
			buildSettings = {
			};
			name = Release;
		};
/* End XCBuildConfiguration section */

/* Begin XCConfigurationList section */
		OBJ_2 /* Build configuration list for PBXProject "klaviyo-swift-sdk" */ = {
			isa = XCConfigurationList;
			buildConfigurations = (
				OBJ_3 /* Debug */,
				OBJ_4 /* Release */,
			);
			defaultConfigurationIsVisible = 0;
			defaultConfigurationName = Release;
		};
		OBJ_29 /* Build configuration list for PBXNativeTarget "KlaviyoSwift" */ = {
			isa = XCConfigurationList;
			buildConfigurations = (
				OBJ_30 /* Debug */,
				OBJ_31 /* Release */,
			);
			defaultConfigurationIsVisible = 0;
			defaultConfigurationName = Release;
		};
		OBJ_40 /* Build configuration list for PBXNativeTarget "KlaviyoSwiftTests" */ = {
			isa = XCConfigurationList;
			buildConfigurations = (
				OBJ_41 /* Debug */,
				OBJ_42 /* Release */,
			);
			defaultConfigurationIsVisible = 0;
			defaultConfigurationName = Release;
		};
		OBJ_51 /* Build configuration list for PBXNativeTarget "klaviyo-swift-sdkPackageDescription" */ = {
			isa = XCConfigurationList;
			buildConfigurations = (
				OBJ_52 /* Debug */,
				OBJ_53 /* Release */,
			);
			defaultConfigurationIsVisible = 0;
			defaultConfigurationName = Release;
		};
		OBJ_57 /* Build configuration list for PBXAggregateTarget "klaviyo-swift-sdkPackageTests" */ = {
			isa = XCConfigurationList;
			buildConfigurations = (
				OBJ_58 /* Debug */,
				OBJ_59 /* Release */,
			);
			defaultConfigurationIsVisible = 0;
			defaultConfigurationName = Release;
		};
/* End XCConfigurationList section */
	};
	rootObject = OBJ_1 /* Project object */;
}
