// !$*UTF8*$!
{
   archiveVersion = "1";
   objectVersion = "46";
   objects = {
      "OBJ_1" = {
         isa = "PBXProject";
         attributes = {
            LastSwiftMigration = "9999";
            LastUpgradeCheck = "9999";
         };
         buildConfigurationList = "OBJ_2";
         compatibilityVersion = "Xcode 3.2";
         developmentRegion = "en";
         hasScannedForEncodings = "0";
         knownRegions = (
            "en"
         );
         mainGroup = "OBJ_5";
         productRefGroup = "OBJ_14";
         projectDirPath = ".";
         targets = (
            "klaviyo-swift-sdk::KlaviyoSwift",
            "klaviyo-swift-sdk::KlaviyoSwiftTests",
            "klaviyo-swift-sdk::SwiftPMPackageDescription",
            "klaviyo-swift-sdk::klaviyo-swift-sdkPackageTests::ProductTarget"
         );
      };
      "OBJ_10" = {
         isa = "PBXFileReference";
         path = "ReachabilitySwift.swift";
         sourceTree = "<group>";
      };
      "OBJ_11" = {
         isa = "PBXGroup";
         children = (
            "OBJ_12"
         );
         name = "Tests";
         path = "";
         sourceTree = "SOURCE_ROOT";
      };
      "OBJ_12" = {
         isa = "PBXGroup";
         children = (
            "OBJ_13"
         );
         name = "KlaviyoSwiftTests";
         path = "Tests/KlaviyoSwiftTests";
         sourceTree = "SOURCE_ROOT";
      };
      "OBJ_13" = {
         isa = "PBXFileReference";
         path = "Tests.swift";
         sourceTree = "<group>";
      };
      "OBJ_14" = {
         isa = "PBXGroup";
         children = (
            "klaviyo-swift-sdk::KlaviyoSwift::Product",
            "klaviyo-swift-sdk::KlaviyoSwiftTests::Product"
         );
         name = "Products";
         path = "";
         sourceTree = "BUILT_PRODUCTS_DIR";
      };
      "OBJ_17" = {
         isa = "PBXFileReference";
         path = "Example";
         sourceTree = "SOURCE_ROOT";
      };
      "OBJ_18" = {
         isa = "PBXFileReference";
         path = "fastlane";
         sourceTree = "SOURCE_ROOT";
      };
      "OBJ_19" = {
         isa = "PBXFileReference";
         path = "LICENSE";
         sourceTree = "<group>";
      };
      "OBJ_2" = {
         isa = "XCConfigurationList";
         buildConfigurations = (
            "OBJ_3",
            "OBJ_4"
         );
         defaultConfigurationIsVisible = "0";
         defaultConfigurationName = "Release";
      };
      "OBJ_20" = {
         isa = "PBXFileReference";
         path = "README.md";
         sourceTree = "<group>";
      };
      "OBJ_21" = {
         isa = "PBXFileReference";
         path = "KlaviyoSwift.podspec";
         sourceTree = "<group>";
      };
      "OBJ_22" = {
         isa = "PBXFileReference";
         path = "Gemfile";
         sourceTree = "<group>";
      };
      "OBJ_23" = {
         isa = "PBXFileReference";
         path = "Gemfile.lock";
         sourceTree = "<group>";
      };
      "OBJ_25" = {
         isa = "XCConfigurationList";
         buildConfigurations = (
            "OBJ_26",
            "OBJ_27"
         );
         defaultConfigurationIsVisible = "0";
         defaultConfigurationName = "Release";
      };
      "OBJ_26" = {
         isa = "XCBuildConfiguration";
         buildSettings = {
            CURRENT_PROJECT_VERSION = "1";
            DRIVERKIT_DEPLOYMENT_TARGET = "19.0";
            ENABLE_TESTABILITY = "YES";
            FRAMEWORK_SEARCH_PATHS = (
               "$(inherited)",
               "$(PLATFORM_DIR)/Developer/Library/Frameworks"
            );
            HEADER_SEARCH_PATHS = (
               "$(inherited)"
            );
            INFOPLIST_FILE = "klaviyo-swift-sdk.xcodeproj/KlaviyoSwift_Info.plist";
            IPHONEOS_DEPLOYMENT_TARGET = "13.0";
            LD_RUNPATH_SEARCH_PATHS = (
               "$(inherited)",
               "$(TOOLCHAIN_DIR)/usr/lib/swift/macosx"
            );
            MACOSX_DEPLOYMENT_TARGET = "10.10";
            OTHER_CFLAGS = (
               "$(inherited)"
            );
            OTHER_LDFLAGS = (
               "$(inherited)"
            );
            OTHER_SWIFT_FLAGS = (
               "$(inherited)"
            );
            PRODUCT_BUNDLE_IDENTIFIER = "KlaviyoSwift";
            PRODUCT_MODULE_NAME = "$(TARGET_NAME:c99extidentifier)";
            PRODUCT_NAME = "$(TARGET_NAME:c99extidentifier)";
            SKIP_INSTALL = "YES";
            SWIFT_ACTIVE_COMPILATION_CONDITIONS = (
               "$(inherited)"
            );
            SWIFT_VERSION = "5.0";
            TARGET_NAME = "KlaviyoSwift";
            TVOS_DEPLOYMENT_TARGET = "9.0";
            WATCHOS_DEPLOYMENT_TARGET = "2.0";
         };
         name = "Debug";
      };
      "OBJ_27" = {
         isa = "XCBuildConfiguration";
         buildSettings = {
            CURRENT_PROJECT_VERSION = "1";
            DRIVERKIT_DEPLOYMENT_TARGET = "19.0";
            ENABLE_TESTABILITY = "YES";
            FRAMEWORK_SEARCH_PATHS = (
               "$(inherited)",
               "$(PLATFORM_DIR)/Developer/Library/Frameworks"
            );
            HEADER_SEARCH_PATHS = (
               "$(inherited)"
            );
            INFOPLIST_FILE = "klaviyo-swift-sdk.xcodeproj/KlaviyoSwift_Info.plist";
            IPHONEOS_DEPLOYMENT_TARGET = "13.0";
            LD_RUNPATH_SEARCH_PATHS = (
               "$(inherited)",
               "$(TOOLCHAIN_DIR)/usr/lib/swift/macosx"
            );
            MACOSX_DEPLOYMENT_TARGET = "10.10";
            OTHER_CFLAGS = (
               "$(inherited)"
            );
            OTHER_LDFLAGS = (
               "$(inherited)"
            );
            OTHER_SWIFT_FLAGS = (
               "$(inherited)"
            );
            PRODUCT_BUNDLE_IDENTIFIER = "KlaviyoSwift";
            PRODUCT_MODULE_NAME = "$(TARGET_NAME:c99extidentifier)";
            PRODUCT_NAME = "$(TARGET_NAME:c99extidentifier)";
            SKIP_INSTALL = "YES";
            SWIFT_ACTIVE_COMPILATION_CONDITIONS = (
               "$(inherited)"
            );
            SWIFT_VERSION = "5.0";
            TARGET_NAME = "KlaviyoSwift";
            TVOS_DEPLOYMENT_TARGET = "9.0";
            WATCHOS_DEPLOYMENT_TARGET = "2.0";
         };
         name = "Release";
      };
      "OBJ_28" = {
         isa = "PBXSourcesBuildPhase";
         files = (
            "OBJ_29",
            "OBJ_30"
         );
      };
      "OBJ_29" = {
         isa = "PBXBuildFile";
         fileRef = "OBJ_9";
      };
      "OBJ_3" = {
         isa = "XCBuildConfiguration";
         buildSettings = {
            CLANG_ENABLE_OBJC_ARC = "YES";
            COMBINE_HIDPI_IMAGES = "YES";
            COPY_PHASE_STRIP = "NO";
            DEBUG_INFORMATION_FORMAT = "dwarf";
            DYLIB_INSTALL_NAME_BASE = "@rpath";
            ENABLE_NS_ASSERTIONS = "YES";
            GCC_OPTIMIZATION_LEVEL = "0";
            GCC_PREPROCESSOR_DEFINITIONS = (
               "$(inherited)",
               "SWIFT_PACKAGE=1",
               "DEBUG=1"
            );
            MACOSX_DEPLOYMENT_TARGET = "10.10";
            ONLY_ACTIVE_ARCH = "YES";
            OTHER_SWIFT_FLAGS = (
               "$(inherited)",
               "-DXcode"
            );
            PRODUCT_NAME = "$(TARGET_NAME)";
            SDKROOT = "macosx";
            SUPPORTED_PLATFORMS = (
               "$(AVAILABLE_PLATFORMS)"
            );
            SUPPORTS_MACCATALYST = "YES";
            SWIFT_ACTIVE_COMPILATION_CONDITIONS = (
               "$(inherited)",
               "SWIFT_PACKAGE",
               "DEBUG"
            );
            SWIFT_OPTIMIZATION_LEVEL = "-Onone";
            USE_HEADERMAP = "NO";
         };
         name = "Debug";
      };
      "OBJ_30" = {
         isa = "PBXBuildFile";
         fileRef = "OBJ_10";
      };
      "OBJ_31" = {
         isa = "PBXFrameworksBuildPhase";
         files = (
         );
      };
      "OBJ_33" = {
         isa = "XCConfigurationList";
         buildConfigurations = (
            "OBJ_34",
            "OBJ_35"
         );
         defaultConfigurationIsVisible = "0";
         defaultConfigurationName = "Release";
      };
      "OBJ_34" = {
         isa = "XCBuildConfiguration";
         buildSettings = {
            CLANG_ENABLE_MODULES = "YES";
            CURRENT_PROJECT_VERSION = "1";
            DRIVERKIT_DEPLOYMENT_TARGET = "19.0";
            EMBEDDED_CONTENT_CONTAINS_SWIFT = "YES";
            FRAMEWORK_SEARCH_PATHS = (
               "$(inherited)",
               "$(PLATFORM_DIR)/Developer/Library/Frameworks"
            );
            HEADER_SEARCH_PATHS = (
               "$(inherited)"
            );
            INFOPLIST_FILE = "klaviyo-swift-sdk.xcodeproj/KlaviyoSwiftTests_Info.plist";
            IPHONEOS_DEPLOYMENT_TARGET = "14.0";
            LD_RUNPATH_SEARCH_PATHS = (
               "$(inherited)",
               "@loader_path/../Frameworks",
               "@loader_path/Frameworks"
            );
            MACOSX_DEPLOYMENT_TARGET = "11.0";
            OTHER_CFLAGS = (
               "$(inherited)"
            );
            OTHER_LDFLAGS = (
               "$(inherited)"
            );
            OTHER_SWIFT_FLAGS = (
               "$(inherited)"
            );
            SWIFT_ACTIVE_COMPILATION_CONDITIONS = (
               "$(inherited)"
            );
            SWIFT_VERSION = "5.0";
            TARGET_NAME = "KlaviyoSwiftTests";
            TVOS_DEPLOYMENT_TARGET = "14.0";
            WATCHOS_DEPLOYMENT_TARGET = "7.0";
         };
         name = "Debug";
      };
      "OBJ_35" = {
         isa = "XCBuildConfiguration";
         buildSettings = {
            CLANG_ENABLE_MODULES = "YES";
            CURRENT_PROJECT_VERSION = "1";
            DRIVERKIT_DEPLOYMENT_TARGET = "19.0";
            EMBEDDED_CONTENT_CONTAINS_SWIFT = "YES";
            FRAMEWORK_SEARCH_PATHS = (
               "$(inherited)",
               "$(PLATFORM_DIR)/Developer/Library/Frameworks"
            );
            HEADER_SEARCH_PATHS = (
               "$(inherited)"
            );
            INFOPLIST_FILE = "klaviyo-swift-sdk.xcodeproj/KlaviyoSwiftTests_Info.plist";
            IPHONEOS_DEPLOYMENT_TARGET = "14.0";
            LD_RUNPATH_SEARCH_PATHS = (
               "$(inherited)",
               "@loader_path/../Frameworks",
               "@loader_path/Frameworks"
            );
            MACOSX_DEPLOYMENT_TARGET = "11.0";
            OTHER_CFLAGS = (
               "$(inherited)"
            );
            OTHER_LDFLAGS = (
               "$(inherited)"
            );
            OTHER_SWIFT_FLAGS = (
               "$(inherited)"
            );
            SWIFT_ACTIVE_COMPILATION_CONDITIONS = (
               "$(inherited)"
            );
            SWIFT_VERSION = "5.0";
            TARGET_NAME = "KlaviyoSwiftTests";
            TVOS_DEPLOYMENT_TARGET = "14.0";
            WATCHOS_DEPLOYMENT_TARGET = "7.0";
         };
         name = "Release";
      };
      "OBJ_36" = {
         isa = "PBXSourcesBuildPhase";
         files = (
            "OBJ_37"
         );
      };
      "OBJ_37" = {
         isa = "PBXBuildFile";
         fileRef = "OBJ_13";
      };
      "OBJ_38" = {
         isa = "PBXFrameworksBuildPhase";
         files = (
            "OBJ_39"
         );
      };
      "OBJ_39" = {
         isa = "PBXBuildFile";
         fileRef = "klaviyo-swift-sdk::KlaviyoSwift::Product";
      };
      "OBJ_4" = {
         isa = "XCBuildConfiguration";
         buildSettings = {
            CLANG_ENABLE_OBJC_ARC = "YES";
            COMBINE_HIDPI_IMAGES = "YES";
            COPY_PHASE_STRIP = "YES";
            DEBUG_INFORMATION_FORMAT = "dwarf-with-dsym";
            DYLIB_INSTALL_NAME_BASE = "@rpath";
            GCC_OPTIMIZATION_LEVEL = "s";
            GCC_PREPROCESSOR_DEFINITIONS = (
               "$(inherited)",
               "SWIFT_PACKAGE=1"
            );
            MACOSX_DEPLOYMENT_TARGET = "10.10";
            OTHER_SWIFT_FLAGS = (
               "$(inherited)",
               "-DXcode"
            );
            PRODUCT_NAME = "$(TARGET_NAME)";
            SDKROOT = "macosx";
            SUPPORTED_PLATFORMS = (
               "$(AVAILABLE_PLATFORMS)"
            );
            SUPPORTS_MACCATALYST = "YES";
            SWIFT_ACTIVE_COMPILATION_CONDITIONS = (
               "$(inherited)",
               "SWIFT_PACKAGE"
            );
            SWIFT_OPTIMIZATION_LEVEL = "-Owholemodule";
            USE_HEADERMAP = "NO";
         };
         name = "Release";
      };
      "OBJ_40" = {
         isa = "PBXTargetDependency";
         target = "klaviyo-swift-sdk::KlaviyoSwift";
      };
      "OBJ_42" = {
         isa = "XCConfigurationList";
         buildConfigurations = (
            "OBJ_43",
            "OBJ_44"
         );
         defaultConfigurationIsVisible = "0";
         defaultConfigurationName = "Release";
      };
      "OBJ_43" = {
         isa = "XCBuildConfiguration";
         buildSettings = {
            LD = "/usr/bin/true";
            OTHER_SWIFT_FLAGS = (
               "-swift-version",
               "5",
               "-I",
               "$(TOOLCHAIN_DIR)/usr/lib/swift/pm/ManifestAPI",
               "-sdk",
               "/Users/noah.durell/Downloads/Xcode.app/Contents/Developer/Platforms/MacOSX.platform/Developer/SDKs/MacOSX12.3.sdk",
               "-package-description-version",
               "5.6.0"
            );
            SWIFT_VERSION = "5.0";
         };
         name = "Debug";
      };
      "OBJ_44" = {
         isa = "XCBuildConfiguration";
         buildSettings = {
            LD = "/usr/bin/true";
            OTHER_SWIFT_FLAGS = (
               "-swift-version",
               "5",
               "-I",
               "$(TOOLCHAIN_DIR)/usr/lib/swift/pm/ManifestAPI",
               "-sdk",
               "/Users/noah.durell/Downloads/Xcode.app/Contents/Developer/Platforms/MacOSX.platform/Developer/SDKs/MacOSX12.3.sdk",
               "-package-description-version",
               "5.6.0"
            );
            SWIFT_VERSION = "5.0";
         };
         name = "Release";
      };
      "OBJ_45" = {
         isa = "PBXSourcesBuildPhase";
         files = (
            "OBJ_46"
         );
      };
      "OBJ_46" = {
         isa = "PBXBuildFile";
         fileRef = "OBJ_6";
      };
      "OBJ_48" = {
         isa = "XCConfigurationList";
         buildConfigurations = (
            "OBJ_49",
            "OBJ_50"
         );
         defaultConfigurationIsVisible = "0";
         defaultConfigurationName = "Release";
      };
      "OBJ_49" = {
         isa = "XCBuildConfiguration";
         buildSettings = {
         };
         name = "Debug";
      };
      "OBJ_5" = {
         isa = "PBXGroup";
         children = (
            "OBJ_6",
            "OBJ_7",
            "OBJ_11",
            "OBJ_14",
            "OBJ_17",
            "OBJ_18",
            "OBJ_19",
            "OBJ_20",
            "OBJ_21",
            "OBJ_22",
            "OBJ_23"
         );
         path = "";
         sourceTree = "<group>";
      };
      "OBJ_50" = {
         isa = "XCBuildConfiguration";
         buildSettings = {
         };
         name = "Release";
      };
      "OBJ_51" = {
         isa = "PBXTargetDependency";
         target = "klaviyo-swift-sdk::KlaviyoSwiftTests";
      };
      "OBJ_6" = {
         isa = "PBXFileReference";
         explicitFileType = "sourcecode.swift";
         path = "Package.swift";
         sourceTree = "<group>";
      };
      "OBJ_7" = {
         isa = "PBXGroup";
         children = (
            "OBJ_8"
         );
         name = "Sources";
         path = "";
         sourceTree = "SOURCE_ROOT";
      };
      "OBJ_8" = {
         isa = "PBXGroup";
         children = (
            "OBJ_9",
            "OBJ_10"
         );
         name = "KlaviyoSwift";
         path = "Sources/KlaviyoSwift";
         sourceTree = "SOURCE_ROOT";
      };
      "OBJ_9" = {
         isa = "PBXFileReference";
         path = "Klaviyo.swift";
         sourceTree = "<group>";
      };
      "klaviyo-swift-sdk::KlaviyoSwift" = {
         isa = "PBXNativeTarget";
         buildConfigurationList = "OBJ_25";
         buildPhases = (
            "OBJ_28",
            "OBJ_31"
         );
         dependencies = (
         );
         name = "KlaviyoSwift";
         productName = "KlaviyoSwift";
         productReference = "klaviyo-swift-sdk::KlaviyoSwift::Product";
         productType = "com.apple.product-type.framework";
      };
      "klaviyo-swift-sdk::KlaviyoSwift::Product" = {
         isa = "PBXFileReference";
         path = "KlaviyoSwift.framework";
         sourceTree = "BUILT_PRODUCTS_DIR";
      };
      "klaviyo-swift-sdk::KlaviyoSwiftTests" = {
         isa = "PBXNativeTarget";
         buildConfigurationList = "OBJ_33";
         buildPhases = (
            "OBJ_36",
            "OBJ_38"
         );
         dependencies = (
            "OBJ_40"
         );
         name = "KlaviyoSwiftTests";
         productName = "KlaviyoSwiftTests";
         productReference = "klaviyo-swift-sdk::KlaviyoSwiftTests::Product";
         productType = "com.apple.product-type.bundle.unit-test";
      };
      "klaviyo-swift-sdk::KlaviyoSwiftTests::Product" = {
         isa = "PBXFileReference";
         path = "KlaviyoSwiftTests.xctest";
         sourceTree = "BUILT_PRODUCTS_DIR";
      };
      "klaviyo-swift-sdk::SwiftPMPackageDescription" = {
         isa = "PBXNativeTarget";
         buildConfigurationList = "OBJ_42";
         buildPhases = (
            "OBJ_45"
         );
         dependencies = (
         );
         name = "klaviyo-swift-sdkPackageDescription";
         productName = "klaviyo-swift-sdkPackageDescription";
         productType = "com.apple.product-type.framework";
      };
      "klaviyo-swift-sdk::klaviyo-swift-sdkPackageTests::ProductTarget" = {
         isa = "PBXAggregateTarget";
         buildConfigurationList = "OBJ_48";
         buildPhases = (
         );
         dependencies = (
            "OBJ_51"
         );
         name = "klaviyo-swift-sdkPackageTests";
         productName = "klaviyo-swift-sdkPackageTests";
      };
   };
   rootObject = "OBJ_1";
}
