PODS:
  - AnyCodable-FlightSchool (0.6.7)
  - KlaviyoSwift (2.1.0-beta1):
    - AnyCodable-FlightSchool
  - KlaviyoSwiftExtension (2.1.0-beta1)

DEPENDENCIES:
  - KlaviyoSwift (= 2.1.0-beta1)
  - KlaviyoSwiftExtension (= 2.1.0-beta1)

SPEC REPOS:
  trunk:
    - AnyCodable-FlightSchool
    - KlaviyoSwift
    - KlaviyoSwiftExtension

SPEC CHECKSUMS:
  AnyCodable-FlightSchool: 261cbe76757802b17d471b9059b21e6fa5edf57b
  KlaviyoSwift: e05204b409a6464dcdb29ec2d67da8daacdeec31
  KlaviyoSwiftExtension: c7c0f09c4e507790de083bfc1085a8cacb1be12d

PODFILE CHECKSUM: 97b26ed95b4829c3717e66450d0bd70e5bcf88b7

COCOAPODS: 1.12.1
