PODS:
  - AnyCodable-FlightSchool (0.6.7)
  - KlaviyoSwift (2.0.1):
    - AnyCodable-FlightSchool

DEPENDENCIES:
  - KlaviyoSwift (~> 2.0.1)

SPEC REPOS:
  trunk:
    - AnyCodable-FlightSchool
    - KlaviyoSwift

SPEC CHECKSUMS:
  AnyCodable-FlightSchool: 261cbe76757802b17d471b9059b21e6fa5edf57b
  KlaviyoSwift: 340a348b9ff64d10b66ee7752bcb191f23365d94

PODFILE CHECKSUM: 9675ad7a828e4eb44fc2108d8b0e3264874aa97f

COCOAPODS: 1.12.0
