PODS:
  - AnyCodable-FlightSchool (0.6.7)
  - KlaviyoCore (0.1.0):
    - AnyCodable-FlightSchool
  - KlaviyoSwift (3.2.0):
    - AnyCodable-FlightSchool
    - KlaviyoCore (~> 0.1.0)
  - KlaviyoSwiftExtension (3.0.1)
  - KlaviyoUI (0.1.0):
    - KlaviyoSwift (~> 3.2.0)

DEPENDENCIES:
  - KlaviyoSwift (from `../../..`)
  - KlaviyoSwiftExtension (= 3.0.1)
  - KlaviyoUI (from `../../..`)

SPEC REPOS:
  trunk:
    - AnyCodable-FlightSchool
    - KlaviyoCore
    - KlaviyoSwiftExtension

EXTERNAL SOURCES:
  KlaviyoSwift:
    :path: "../../.."
  KlaviyoUI:
    :path: "../../.."

SPEC CHECKSUMS:
  AnyCodable-FlightSchool: 261cbe76757802b17d471b9059b21e6fa5edf57b
  KlaviyoCore: a1c8bce61e3bf059e2122c68de67c0848ab18691
  KlaviyoSwift: ae14ca3ab291d212e62ce6a7f75b7f98c117476a
  KlaviyoSwiftExtension: 3aa3f39f2d8b25424d17cd41e1e717939dea91dd
  KlaviyoUI: 216e94bffaf7cf180842ef481f145f7eaf6334a3

PODFILE CHECKSUM: b6a4d64b848ef449f2739315a94f014af1fca92c

COCOAPODS: 1.15.2
