// !$*UTF8*$!
{
	archiveVersion = 1;
	classes = {
	};
	objectVersion = 50;
	objects = {

/* Begin PBXBuildFile section */
		7CBD954821FD596F00717D47 /* Default-568h@2x.png in Resources */ = {isa = PBXBuildFile; fileRef = 7CBD954721FD596F00717D47 /* Default-568h@2x.png */; };
		7CBD955921FD65CD00717D47 /* KlaviyoSwift.framework in Frameworks */ = {isa = PBXBuildFile; fileRef = 7CBD955321FD64CC00717D47 /* KlaviyoSwift.framework */; };
		7CDDB4C421FD563800FE00B9 /* bolognese_meal_small.jpeg in Resources */ = {isa = PBXBuildFile; fileRef = 7CDDB4AF21FD563800FE00B9 /* bolognese_meal_small.jpeg */; };
		7CDDB4C521FD563800FE00B9 /* Base.lproj in Resources */ = {isa = PBXBuildFile; fileRef = 7CDDB4B021FD563800FE00B9 /* Base.lproj */; };
		7CDDB4C721FD563800FE00B9 /* User.swift in Sources */ = {isa = PBXBuildFile; fileRef = 7CDDB4B221FD563800FE00B9 /* User.swift */; };
		7CDDB4C821FD563800FE00B9 /* AppDelegate.swift in Sources */ = {isa = PBXBuildFile; fileRef = 7CDDB4B321FD563800FE00B9 /* AppDelegate.swift */; };
		7CDDB4C921FD563800FE00B9 /* battered_fish.jpg in Resources */ = {isa = PBXBuildFile; fileRef = 7CDDB4B421FD563800FE00B9 /* battered_fish.jpg */; };
		7CDDB4CA21FD563800FE00B9 /* nicoise_salad_small.jpeg in Resources */ = {isa = PBXBuildFile; fileRef = 7CDDB4B521FD563800FE00B9 /* nicoise_salad_small.jpeg */; };
		7CDDB4CB21FD563800FE00B9 /* CheckOutViewController.swift in Sources */ = {isa = PBXBuildFile; fileRef = 7CDDB4B621FD563800FE00B9 /* CheckOutViewController.swift */; };
		7CDDB4CC21FD563800FE00B9 /* MenuItemTableViewCell.swift in Sources */ = {isa = PBXBuildFile; fileRef = 7CDDB4B721FD563800FE00B9 /* MenuItemTableViewCell.swift */; };
		7CDDB4CD21FD563800FE00B9 /* bolognese_meal.jpg in Resources */ = {isa = PBXBuildFile; fileRef = 7CDDB4B821FD563800FE00B9 /* bolognese_meal.jpg */; };
		7CDDB4CE21FD563800FE00B9 /* CheckOutTableViewCell.swift in Sources */ = {isa = PBXBuildFile; fileRef = 7CDDB4B921FD563800FE00B9 /* CheckOutTableViewCell.swift */; };
		7CDDB4CF21FD563800FE00B9 /* MenuItem.swift in Sources */ = {isa = PBXBuildFile; fileRef = 7CDDB4BA21FD563800FE00B9 /* MenuItem.swift */; };
		7CDDB4D021FD563800FE00B9 /* red_pork_small.jpeg in Resources */ = {isa = PBXBuildFile; fileRef = 7CDDB4BB21FD563800FE00B9 /* red_pork_small.jpeg */; };
		7CDDB4D121FD563800FE00B9 /* ViewController.swift in Sources */ = {isa = PBXBuildFile; fileRef = 7CDDB4BC21FD563800FE00B9 /* ViewController.swift */; };
		7CDDB4D221FD563800FE00B9 /* MenuPageViewController.swift in Sources */ = {isa = PBXBuildFile; fileRef = 7CDDB4BD21FD563800FE00B9 /* MenuPageViewController.swift */; };
		7CDDB4D321FD563800FE00B9 /* Images.xcassets in Resources */ = {isa = PBXBuildFile; fileRef = 7CDDB4BE21FD563800FE00B9 /* Images.xcassets */; };
		7CDDB4D421FD563800FE00B9 /* Cart.swift in Sources */ = {isa = PBXBuildFile; fileRef = 7CDDB4BF21FD563800FE00B9 /* Cart.swift */; };
		7CDDB4D521FD563800FE00B9 /* Main.storyboard in Resources */ = {isa = PBXBuildFile; fileRef = 7CDDB4C021FD563800FE00B9 /* Main.storyboard */; };
		7CDDB4D621FD563800FE00B9 /* nicoise_salad.jpg in Resources */ = {isa = PBXBuildFile; fileRef = 7CDDB4C121FD563800FE00B9 /* nicoise_salad.jpg */; };
		7CDDB4D721FD563800FE00B9 /* red_pork.jpg in Resources */ = {isa = PBXBuildFile; fileRef = 7CDDB4C221FD563800FE00B9 /* red_pork.jpg */; };
		7CDDB4D821FD563800FE00B9 /* battered_fish_small.jpeg in Resources */ = {isa = PBXBuildFile; fileRef = 7CDDB4C321FD563800FE00B9 /* battered_fish_small.jpeg */; };
/* End PBXBuildFile section */

/* Begin PBXContainerItemProxy section */
		7CBD955221FD64CC00717D47 /* PBXContainerItemProxy */ = {
			isa = PBXContainerItemProxy;
			containerPortal = 7CBD954D21FD64CC00717D47 /* KlaviyoSwift.xcodeproj */;
			proxyType = 2;
			remoteGlobalIDString = 7CDDB44321FD003D00FE00B9;
			remoteInfo = KlaviyoSwift;
		};
		7CBD955421FD64CC00717D47 /* PBXContainerItemProxy */ = {
			isa = PBXContainerItemProxy;
			containerPortal = 7CBD954D21FD64CC00717D47 /* KlaviyoSwift.xcodeproj */;
			proxyType = 2;
			remoteGlobalIDString = 7CDDB44C21FD003D00FE00B9;
			remoteInfo = KlaviyoSwiftTests;
		};
		7CBD955621FD64DD00717D47 /* PBXContainerItemProxy */ = {
			isa = PBXContainerItemProxy;
			containerPortal = 7CBD954D21FD64CC00717D47 /* KlaviyoSwift.xcodeproj */;
			proxyType = 1;
			remoteGlobalIDString = 7CDDB44221FD003D00FE00B9;
			remoteInfo = KlaviyoSwift;
		};
		7CDDB48C21FD545E00FE00B9 /* PBXContainerItemProxy */ = {
			isa = PBXContainerItemProxy;
			containerPortal = 7CDDB46F21FD545C00FE00B9 /* Project object */;
			proxyType = 1;
			remoteGlobalIDString = 7CDDB47621FD545C00FE00B9;
			remoteInfo = Example;
		};
		7CDDB49721FD545E00FE00B9 /* PBXContainerItemProxy */ = {
			isa = PBXContainerItemProxy;
			containerPortal = 7CDDB46F21FD545C00FE00B9 /* Project object */;
			proxyType = 1;
			remoteGlobalIDString = 7CDDB47621FD545C00FE00B9;
			remoteInfo = Example;
		};
/* End PBXContainerItemProxy section */

/* Begin PBXFileReference section */
		7CBD954721FD596F00717D47 /* Default-568h@2x.png */ = {isa = PBXFileReference; lastKnownFileType = image.png; path = "Default-568h@2x.png"; sourceTree = "<group>"; };
		7CBD954D21FD64CC00717D47 /* KlaviyoSwift.xcodeproj */ = {isa = PBXFileReference; lastKnownFileType = "wrapper.pb-project"; name = KlaviyoSwift.xcodeproj; path = ../KlaviyoSwift.xcodeproj; sourceTree = "<group>"; };
		7CDDB47721FD545C00FE00B9 /* Example.app */ = {isa = PBXFileReference; explicitFileType = wrapper.application; includeInIndex = 0; path = Example.app; sourceTree = BUILT_PRODUCTS_DIR; };
		7CDDB48B21FD545E00FE00B9 /* ExampleTests.xctest */ = {isa = PBXFileReference; explicitFileType = wrapper.cfbundle; includeInIndex = 0; path = ExampleTests.xctest; sourceTree = BUILT_PRODUCTS_DIR; };
		7CDDB49621FD545E00FE00B9 /* ExampleUITests.xctest */ = {isa = PBXFileReference; explicitFileType = wrapper.cfbundle; includeInIndex = 0; path = ExampleUITests.xctest; sourceTree = BUILT_PRODUCTS_DIR; };
		7CDDB4AF21FD563800FE00B9 /* bolognese_meal_small.jpeg */ = {isa = PBXFileReference; lastKnownFileType = image.jpeg; path = bolognese_meal_small.jpeg; sourceTree = "<group>"; };
		7CDDB4B021FD563800FE00B9 /* Base.lproj */ = {isa = PBXFileReference; lastKnownFileType = folder; path = Base.lproj; sourceTree = "<group>"; };
		7CDDB4B121FD563800FE00B9 /* Info.plist */ = {isa = PBXFileReference; fileEncoding = 4; lastKnownFileType = text.plist.xml; path = Info.plist; sourceTree = "<group>"; };
		7CDDB4B221FD563800FE00B9 /* User.swift */ = {isa = PBXFileReference; fileEncoding = 4; lastKnownFileType = sourcecode.swift; path = User.swift; sourceTree = "<group>"; };
		7CDDB4B321FD563800FE00B9 /* AppDelegate.swift */ = {isa = PBXFileReference; fileEncoding = 4; lastKnownFileType = sourcecode.swift; path = AppDelegate.swift; sourceTree = "<group>"; };
		7CDDB4B421FD563800FE00B9 /* battered_fish.jpg */ = {isa = PBXFileReference; lastKnownFileType = image.jpeg; path = battered_fish.jpg; sourceTree = "<group>"; };
		7CDDB4B521FD563800FE00B9 /* nicoise_salad_small.jpeg */ = {isa = PBXFileReference; lastKnownFileType = image.jpeg; path = nicoise_salad_small.jpeg; sourceTree = "<group>"; };
		7CDDB4B621FD563800FE00B9 /* CheckOutViewController.swift */ = {isa = PBXFileReference; fileEncoding = 4; lastKnownFileType = sourcecode.swift; path = CheckOutViewController.swift; sourceTree = "<group>"; };
		7CDDB4B721FD563800FE00B9 /* MenuItemTableViewCell.swift */ = {isa = PBXFileReference; fileEncoding = 4; lastKnownFileType = sourcecode.swift; path = MenuItemTableViewCell.swift; sourceTree = "<group>"; };
		7CDDB4B821FD563800FE00B9 /* bolognese_meal.jpg */ = {isa = PBXFileReference; lastKnownFileType = image.jpeg; path = bolognese_meal.jpg; sourceTree = "<group>"; };
		7CDDB4B921FD563800FE00B9 /* CheckOutTableViewCell.swift */ = {isa = PBXFileReference; fileEncoding = 4; lastKnownFileType = sourcecode.swift; path = CheckOutTableViewCell.swift; sourceTree = "<group>"; };
		7CDDB4BA21FD563800FE00B9 /* MenuItem.swift */ = {isa = PBXFileReference; fileEncoding = 4; lastKnownFileType = sourcecode.swift; path = MenuItem.swift; sourceTree = "<group>"; };
		7CDDB4BB21FD563800FE00B9 /* red_pork_small.jpeg */ = {isa = PBXFileReference; lastKnownFileType = image.jpeg; path = red_pork_small.jpeg; sourceTree = "<group>"; };
		7CDDB4BC21FD563800FE00B9 /* ViewController.swift */ = {isa = PBXFileReference; fileEncoding = 4; lastKnownFileType = sourcecode.swift; path = ViewController.swift; sourceTree = "<group>"; };
		7CDDB4BD21FD563800FE00B9 /* MenuPageViewController.swift */ = {isa = PBXFileReference; fileEncoding = 4; lastKnownFileType = sourcecode.swift; path = MenuPageViewController.swift; sourceTree = "<group>"; };
		7CDDB4BE21FD563800FE00B9 /* Images.xcassets */ = {isa = PBXFileReference; lastKnownFileType = folder.assetcatalog; path = Images.xcassets; sourceTree = "<group>"; };
		7CDDB4BF21FD563800FE00B9 /* Cart.swift */ = {isa = PBXFileReference; fileEncoding = 4; lastKnownFileType = sourcecode.swift; path = Cart.swift; sourceTree = "<group>"; };
		7CDDB4C021FD563800FE00B9 /* Main.storyboard */ = {isa = PBXFileReference; fileEncoding = 4; lastKnownFileType = file.storyboard; path = Main.storyboard; sourceTree = "<group>"; };
		7CDDB4C121FD563800FE00B9 /* nicoise_salad.jpg */ = {isa = PBXFileReference; lastKnownFileType = image.jpeg; path = nicoise_salad.jpg; sourceTree = "<group>"; };
		7CDDB4C221FD563800FE00B9 /* red_pork.jpg */ = {isa = PBXFileReference; lastKnownFileType = image.jpeg; path = red_pork.jpg; sourceTree = "<group>"; };
		7CDDB4C321FD563800FE00B9 /* battered_fish_small.jpeg */ = {isa = PBXFileReference; lastKnownFileType = image.jpeg; path = battered_fish_small.jpeg; sourceTree = "<group>"; };
/* End PBXFileReference section */

/* Begin PBXFrameworksBuildPhase section */
		7CDDB47421FD545C00FE00B9 /* Frameworks */ = {
			isa = PBXFrameworksBuildPhase;
			buildActionMask = 2147483647;
			files = (
				7CBD955921FD65CD00717D47 /* KlaviyoSwift.framework in Frameworks */,
			);
			runOnlyForDeploymentPostprocessing = 0;
		};
		7CDDB48821FD545E00FE00B9 /* Frameworks */ = {
			isa = PBXFrameworksBuildPhase;
			buildActionMask = 2147483647;
			files = (
			);
			runOnlyForDeploymentPostprocessing = 0;
		};
		7CDDB49321FD545E00FE00B9 /* Frameworks */ = {
			isa = PBXFrameworksBuildPhase;
			buildActionMask = 2147483647;
			files = (
			);
			runOnlyForDeploymentPostprocessing = 0;
		};
/* End PBXFrameworksBuildPhase section */

/* Begin PBXGroup section */
		7CBD954E21FD64CC00717D47 /* Products */ = {
			isa = PBXGroup;
			children = (
				7CBD955321FD64CC00717D47 /* KlaviyoSwift.framework */,
				7CBD955521FD64CC00717D47 /* KlaviyoSwiftTests.xctest */,
			);
			name = Products;
			sourceTree = "<group>";
		};
		7CBD955821FD65CD00717D47 /* Frameworks */ = {
			isa = PBXGroup;
			children = (
			);
			name = Frameworks;
			sourceTree = "<group>";
		};
		7CDDB46E21FD545C00FE00B9 = {
			isa = PBXGroup;
			children = (
				7CDDB4AE21FD55B600FE00B9 /* Source */,
				7CDDB47821FD545C00FE00B9 /* Products */,
				7CBD954D21FD64CC00717D47 /* KlaviyoSwift.xcodeproj */,
				7CBD955821FD65CD00717D47 /* Frameworks */,
			);
			sourceTree = "<group>";
		};
		7CDDB47821FD545C00FE00B9 /* Products */ = {
			isa = PBXGroup;
			children = (
				7CDDB47721FD545C00FE00B9 /* Example.app */,
				7CDDB48B21FD545E00FE00B9 /* ExampleTests.xctest */,
				7CDDB49621FD545E00FE00B9 /* ExampleUITests.xctest */,
			);
			name = Products;
			sourceTree = "<group>";
		};
		7CDDB4AE21FD55B600FE00B9 /* Source */ = {
			isa = PBXGroup;
			children = (
				7CDDB4B321FD563800FE00B9 /* AppDelegate.swift */,
				7CDDB4B221FD563800FE00B9 /* User.swift */,
				7CDDB4BC21FD563800FE00B9 /* ViewController.swift */,
				7CDDB4BF21FD563800FE00B9 /* Cart.swift */,
				7CDDB4B921FD563800FE00B9 /* CheckOutTableViewCell.swift */,
				7CDDB4B621FD563800FE00B9 /* CheckOutViewController.swift */,
				7CDDB4BA21FD563800FE00B9 /* MenuItem.swift */,
				7CDDB4B721FD563800FE00B9 /* MenuItemTableViewCell.swift */,
				7CDDB4BD21FD563800FE00B9 /* MenuPageViewController.swift */,
				7CDDB4B021FD563800FE00B9 /* Base.lproj */,
				7CDDB4BE21FD563800FE00B9 /* Images.xcassets */,
				7CDDB4D921FD567B00FE00B9 /* Assets */,
				7CDDB4C021FD563800FE00B9 /* Main.storyboard */,
				7CDDB4B121FD563800FE00B9 /* Info.plist */,
			);
			path = Source;
			sourceTree = "<group>";
		};
		7CDDB4D921FD567B00FE00B9 /* Assets */ = {
			isa = PBXGroup;
			children = (
				7CBD954721FD596F00717D47 /* Default-568h@2x.png */,
				7CDDB4C321FD563800FE00B9 /* battered_fish_small.jpeg */,
				7CDDB4B421FD563800FE00B9 /* battered_fish.jpg */,
				7CDDB4AF21FD563800FE00B9 /* bolognese_meal_small.jpeg */,
				7CDDB4B821FD563800FE00B9 /* bolognese_meal.jpg */,
				7CDDB4B521FD563800FE00B9 /* nicoise_salad_small.jpeg */,
				7CDDB4C121FD563800FE00B9 /* nicoise_salad.jpg */,
				7CDDB4BB21FD563800FE00B9 /* red_pork_small.jpeg */,
				7CDDB4C221FD563800FE00B9 /* red_pork.jpg */,
			);
			path = Assets;
			sourceTree = "<group>";
		};
/* End PBXGroup section */

/* Begin PBXNativeTarget section */
		7CDDB47621FD545C00FE00B9 /* Example */ = {
			isa = PBXNativeTarget;
			buildConfigurationList = 7CDDB49F21FD545E00FE00B9 /* Build configuration list for PBXNativeTarget "Example" */;
			buildPhases = (
				7CDDB47321FD545C00FE00B9 /* Sources */,
				7CDDB47421FD545C00FE00B9 /* Frameworks */,
				7CDDB47521FD545C00FE00B9 /* Resources */,
			);
			buildRules = (
			);
			dependencies = (
				7CBD955721FD64DD00717D47 /* PBXTargetDependency */,
			);
			name = Example;
			productName = Example;
			productReference = 7CDDB47721FD545C00FE00B9 /* Example.app */;
			productType = "com.apple.product-type.application";
		};
		7CDDB48A21FD545E00FE00B9 /* ExampleTests */ = {
			isa = PBXNativeTarget;
			buildConfigurationList = 7CDDB4A221FD545E00FE00B9 /* Build configuration list for PBXNativeTarget "ExampleTests" */;
			buildPhases = (
				7CDDB48721FD545E00FE00B9 /* Sources */,
				7CDDB48821FD545E00FE00B9 /* Frameworks */,
				7CDDB48921FD545E00FE00B9 /* Resources */,
			);
			buildRules = (
			);
			dependencies = (
				7CDDB48D21FD545E00FE00B9 /* PBXTargetDependency */,
			);
			name = ExampleTests;
			productName = ExampleTests;
			productReference = 7CDDB48B21FD545E00FE00B9 /* ExampleTests.xctest */;
			productType = "com.apple.product-type.bundle.unit-test";
		};
		7CDDB49521FD545E00FE00B9 /* ExampleUITests */ = {
			isa = PBXNativeTarget;
			buildConfigurationList = 7CDDB4A521FD545E00FE00B9 /* Build configuration list for PBXNativeTarget "ExampleUITests" */;
			buildPhases = (
				7CDDB49221FD545E00FE00B9 /* Sources */,
				7CDDB49321FD545E00FE00B9 /* Frameworks */,
				7CDDB49421FD545E00FE00B9 /* Resources */,
			);
			buildRules = (
			);
			dependencies = (
				7CDDB49821FD545E00FE00B9 /* PBXTargetDependency */,
			);
			name = ExampleUITests;
			productName = ExampleUITests;
			productReference = 7CDDB49621FD545E00FE00B9 /* ExampleUITests.xctest */;
			productType = "com.apple.product-type.bundle.ui-testing";
		};
/* End PBXNativeTarget section */

/* Begin PBXProject section */
		7CDDB46F21FD545C00FE00B9 /* Project object */ = {
			isa = PBXProject;
			attributes = {
				LastSwiftUpdateCheck = 1010;
				LastUpgradeCheck = 1010;
				ORGANIZATIONNAME = Klaviyo;
				TargetAttributes = {
					7CDDB47621FD545C00FE00B9 = {
						CreatedOnToolsVersion = 10.1;
					};
					7CDDB48A21FD545E00FE00B9 = {
						CreatedOnToolsVersion = 10.1;
						TestTargetID = 7CDDB47621FD545C00FE00B9;
					};
					7CDDB49521FD545E00FE00B9 = {
						CreatedOnToolsVersion = 10.1;
						TestTargetID = 7CDDB47621FD545C00FE00B9;
					};
				};
			};
			buildConfigurationList = 7CDDB47221FD545C00FE00B9 /* Build configuration list for PBXProject "Example" */;
			compatibilityVersion = "Xcode 9.3";
			developmentRegion = en;
			hasScannedForEncodings = 0;
			knownRegions = (
				en,
				Base,
			);
			mainGroup = 7CDDB46E21FD545C00FE00B9;
			productRefGroup = 7CDDB47821FD545C00FE00B9 /* Products */;
			projectDirPath = "";
			projectReferences = (
				{
					ProductGroup = 7CBD954E21FD64CC00717D47 /* Products */;
					ProjectRef = 7CBD954D21FD64CC00717D47 /* KlaviyoSwift.xcodeproj */;
				},
			);
			projectRoot = "";
			targets = (
				7CDDB47621FD545C00FE00B9 /* Example */,
				7CDDB48A21FD545E00FE00B9 /* ExampleTests */,
				7CDDB49521FD545E00FE00B9 /* ExampleUITests */,
			);
		};
/* End PBXProject section */

/* Begin PBXReferenceProxy section */
		7CBD955321FD64CC00717D47 /* KlaviyoSwift.framework */ = {
			isa = PBXReferenceProxy;
			fileType = wrapper.framework;
			path = KlaviyoSwift.framework;
			remoteRef = 7CBD955221FD64CC00717D47 /* PBXContainerItemProxy */;
			sourceTree = BUILT_PRODUCTS_DIR;
		};
		7CBD955521FD64CC00717D47 /* KlaviyoSwiftTests.xctest */ = {
			isa = PBXReferenceProxy;
			fileType = wrapper.cfbundle;
			path = KlaviyoSwiftTests.xctest;
			remoteRef = 7CBD955421FD64CC00717D47 /* PBXContainerItemProxy */;
			sourceTree = BUILT_PRODUCTS_DIR;
		};
/* End PBXReferenceProxy section */

/* Begin PBXResourcesBuildPhase section */
		7CDDB47521FD545C00FE00B9 /* Resources */ = {
			isa = PBXResourcesBuildPhase;
			buildActionMask = 2147483647;
			files = (
				7CDDB4D821FD563800FE00B9 /* battered_fish_small.jpeg in Resources */,
				7CDDB4C421FD563800FE00B9 /* bolognese_meal_small.jpeg in Resources */,
				7CDDB4CA21FD563800FE00B9 /* nicoise_salad_small.jpeg in Resources */,
				7CDDB4D521FD563800FE00B9 /* Main.storyboard in Resources */,
				7CDDB4D321FD563800FE00B9 /* Images.xcassets in Resources */,
				7CDDB4C521FD563800FE00B9 /* Base.lproj in Resources */,
				7CDDB4D721FD563800FE00B9 /* red_pork.jpg in Resources */,
				7CDDB4D621FD563800FE00B9 /* nicoise_salad.jpg in Resources */,
				7CBD954821FD596F00717D47 /* Default-568h@2x.png in Resources */,
				7CDDB4CD21FD563800FE00B9 /* bolognese_meal.jpg in Resources */,
				7CDDB4D021FD563800FE00B9 /* red_pork_small.jpeg in Resources */,
				7CDDB4C921FD563800FE00B9 /* battered_fish.jpg in Resources */,
			);
			runOnlyForDeploymentPostprocessing = 0;
		};
		7CDDB48921FD545E00FE00B9 /* Resources */ = {
			isa = PBXResourcesBuildPhase;
			buildActionMask = 2147483647;
			files = (
			);
			runOnlyForDeploymentPostprocessing = 0;
		};
		7CDDB49421FD545E00FE00B9 /* Resources */ = {
			isa = PBXResourcesBuildPhase;
			buildActionMask = 2147483647;
			files = (
			);
			runOnlyForDeploymentPostprocessing = 0;
		};
/* End PBXResourcesBuildPhase section */

/* Begin PBXSourcesBuildPhase section */
		7CDDB47321FD545C00FE00B9 /* Sources */ = {
			isa = PBXSourcesBuildPhase;
			buildActionMask = 2147483647;
			files = (
				7CDDB4CE21FD563800FE00B9 /* CheckOutTableViewCell.swift in Sources */,
				7CDDB4C821FD563800FE00B9 /* AppDelegate.swift in Sources */,
				7CDDB4D221FD563800FE00B9 /* MenuPageViewController.swift in Sources */,
				7CDDB4CB21FD563800FE00B9 /* CheckOutViewController.swift in Sources */,
				7CDDB4D421FD563800FE00B9 /* Cart.swift in Sources */,
				7CDDB4D121FD563800FE00B9 /* ViewController.swift in Sources */,
				7CDDB4CC21FD563800FE00B9 /* MenuItemTableViewCell.swift in Sources */,
				7CDDB4CF21FD563800FE00B9 /* MenuItem.swift in Sources */,
				7CDDB4C721FD563800FE00B9 /* User.swift in Sources */,
			);
			runOnlyForDeploymentPostprocessing = 0;
		};
		7CDDB48721FD545E00FE00B9 /* Sources */ = {
			isa = PBXSourcesBuildPhase;
			buildActionMask = 2147483647;
			files = (
			);
			runOnlyForDeploymentPostprocessing = 0;
		};
		7CDDB49221FD545E00FE00B9 /* Sources */ = {
			isa = PBXSourcesBuildPhase;
			buildActionMask = 2147483647;
			files = (
			);
			runOnlyForDeploymentPostprocessing = 0;
		};
/* End PBXSourcesBuildPhase section */

/* Begin PBXTargetDependency section */
		7CBD955721FD64DD00717D47 /* PBXTargetDependency */ = {
			isa = PBXTargetDependency;
			name = KlaviyoSwift;
			targetProxy = 7CBD955621FD64DD00717D47 /* PBXContainerItemProxy */;
		};
		7CDDB48D21FD545E00FE00B9 /* PBXTargetDependency */ = {
			isa = PBXTargetDependency;
			target = 7CDDB47621FD545C00FE00B9 /* Example */;
			targetProxy = 7CDDB48C21FD545E00FE00B9 /* PBXContainerItemProxy */;
		};
		7CDDB49821FD545E00FE00B9 /* PBXTargetDependency */ = {
			isa = PBXTargetDependency;
			target = 7CDDB47621FD545C00FE00B9 /* Example */;
			targetProxy = 7CDDB49721FD545E00FE00B9 /* PBXContainerItemProxy */;
		};
/* End PBXTargetDependency section */

/* Begin XCBuildConfiguration section */
		7CDDB49D21FD545E00FE00B9 /* Debug */ = {
			isa = XCBuildConfiguration;
			buildSettings = {
				ALWAYS_SEARCH_USER_PATHS = NO;
				CLANG_ANALYZER_NONNULL = YES;
				CLANG_ANALYZER_NUMBER_OBJECT_CONVERSION = YES_AGGRESSIVE;
				CLANG_CXX_LANGUAGE_STANDARD = "gnu++14";
				CLANG_CXX_LIBRARY = "libc++";
				CLANG_ENABLE_MODULES = YES;
				CLANG_ENABLE_OBJC_ARC = YES;
				CLANG_ENABLE_OBJC_WEAK = YES;
				CLANG_WARN_BLOCK_CAPTURE_AUTORELEASING = YES;
				CLANG_WARN_BOOL_CONVERSION = YES;
				CLANG_WARN_COMMA = YES;
				CLANG_WARN_CONSTANT_CONVERSION = YES;
				CLANG_WARN_DEPRECATED_OBJC_IMPLEMENTATIONS = YES;
				CLANG_WARN_DIRECT_OBJC_ISA_USAGE = YES_ERROR;
				CLANG_WARN_DOCUMENTATION_COMMENTS = YES;
				CLANG_WARN_EMPTY_BODY = YES;
				CLANG_WARN_ENUM_CONVERSION = YES;
				CLANG_WARN_INFINITE_RECURSION = YES;
				CLANG_WARN_INT_CONVERSION = YES;
				CLANG_WARN_NON_LITERAL_NULL_CONVERSION = YES;
				CLANG_WARN_OBJC_IMPLICIT_RETAIN_SELF = YES;
				CLANG_WARN_OBJC_LITERAL_CONVERSION = YES;
				CLANG_WARN_OBJC_ROOT_CLASS = YES_ERROR;
				CLANG_WARN_RANGE_LOOP_ANALYSIS = YES;
				CLANG_WARN_STRICT_PROTOTYPES = YES;
				CLANG_WARN_SUSPICIOUS_MOVE = YES;
				CLANG_WARN_UNGUARDED_AVAILABILITY = YES_AGGRESSIVE;
				CLANG_WARN_UNREACHABLE_CODE = YES;
				CLANG_WARN__DUPLICATE_METHOD_MATCH = YES;
				CODE_SIGN_IDENTITY = "iPhone Developer";
				COPY_PHASE_STRIP = NO;
				DEBUG_INFORMATION_FORMAT = dwarf;
				ENABLE_STRICT_OBJC_MSGSEND = YES;
				ENABLE_TESTABILITY = YES;
				GCC_C_LANGUAGE_STANDARD = gnu11;
				GCC_DYNAMIC_NO_PIC = NO;
				GCC_NO_COMMON_BLOCKS = YES;
				GCC_OPTIMIZATION_LEVEL = 0;
				GCC_PREPROCESSOR_DEFINITIONS = (
					"DEBUG=1",
					"$(inherited)",
				);
				GCC_WARN_64_TO_32_BIT_CONVERSION = YES;
				GCC_WARN_ABOUT_RETURN_TYPE = YES_ERROR;
				GCC_WARN_UNDECLARED_SELECTOR = YES;
				GCC_WARN_UNINITIALIZED_AUTOS = YES_AGGRESSIVE;
				GCC_WARN_UNUSED_FUNCTION = YES;
				GCC_WARN_UNUSED_VARIABLE = YES;
				IPHONEOS_DEPLOYMENT_TARGET = 12.1;
				MTL_ENABLE_DEBUG_INFO = INCLUDE_SOURCE;
				MTL_FAST_MATH = YES;
				ONLY_ACTIVE_ARCH = YES;
				SDKROOT = iphoneos;
				SWIFT_ACTIVE_COMPILATION_CONDITIONS = DEBUG;
				SWIFT_OPTIMIZATION_LEVEL = "-Onone";
			};
			name = Debug;
		};
		7CDDB49E21FD545E00FE00B9 /* Release */ = {
			isa = XCBuildConfiguration;
			buildSettings = {
				ALWAYS_SEARCH_USER_PATHS = NO;
				CLANG_ANALYZER_NONNULL = YES;
				CLANG_ANALYZER_NUMBER_OBJECT_CONVERSION = YES_AGGRESSIVE;
				CLANG_CXX_LANGUAGE_STANDARD = "gnu++14";
				CLANG_CXX_LIBRARY = "libc++";
				CLANG_ENABLE_MODULES = YES;
				CLANG_ENABLE_OBJC_ARC = YES;
				CLANG_ENABLE_OBJC_WEAK = YES;
				CLANG_WARN_BLOCK_CAPTURE_AUTORELEASING = YES;
				CLANG_WARN_BOOL_CONVERSION = YES;
				CLANG_WARN_COMMA = YES;
				CLANG_WARN_CONSTANT_CONVERSION = YES;
				CLANG_WARN_DEPRECATED_OBJC_IMPLEMENTATIONS = YES;
				CLANG_WARN_DIRECT_OBJC_ISA_USAGE = YES_ERROR;
				CLANG_WARN_DOCUMENTATION_COMMENTS = YES;
				CLANG_WARN_EMPTY_BODY = YES;
				CLANG_WARN_ENUM_CONVERSION = YES;
				CLANG_WARN_INFINITE_RECURSION = YES;
				CLANG_WARN_INT_CONVERSION = YES;
				CLANG_WARN_NON_LITERAL_NULL_CONVERSION = YES;
				CLANG_WARN_OBJC_IMPLICIT_RETAIN_SELF = YES;
				CLANG_WARN_OBJC_LITERAL_CONVERSION = YES;
				CLANG_WARN_OBJC_ROOT_CLASS = YES_ERROR;
				CLANG_WARN_RANGE_LOOP_ANALYSIS = YES;
				CLANG_WARN_STRICT_PROTOTYPES = YES;
				CLANG_WARN_SUSPICIOUS_MOVE = YES;
				CLANG_WARN_UNGUARDED_AVAILABILITY = YES_AGGRESSIVE;
				CLANG_WARN_UNREACHABLE_CODE = YES;
				CLANG_WARN__DUPLICATE_METHOD_MATCH = YES;
				CODE_SIGN_IDENTITY = "iPhone Developer";
				COPY_PHASE_STRIP = NO;
				DEBUG_INFORMATION_FORMAT = "dwarf-with-dsym";
				ENABLE_NS_ASSERTIONS = NO;
				ENABLE_STRICT_OBJC_MSGSEND = YES;
				GCC_C_LANGUAGE_STANDARD = gnu11;
				GCC_NO_COMMON_BLOCKS = YES;
				GCC_WARN_64_TO_32_BIT_CONVERSION = YES;
				GCC_WARN_ABOUT_RETURN_TYPE = YES_ERROR;
				GCC_WARN_UNDECLARED_SELECTOR = YES;
				GCC_WARN_UNINITIALIZED_AUTOS = YES_AGGRESSIVE;
				GCC_WARN_UNUSED_FUNCTION = YES;
				GCC_WARN_UNUSED_VARIABLE = YES;
				IPHONEOS_DEPLOYMENT_TARGET = 12.1;
				MTL_ENABLE_DEBUG_INFO = NO;
				MTL_FAST_MATH = YES;
				SDKROOT = iphoneos;
				SWIFT_COMPILATION_MODE = wholemodule;
				SWIFT_OPTIMIZATION_LEVEL = "-O";
				VALIDATE_PRODUCT = YES;
			};
			name = Release;
		};
		7CDDB4A021FD545E00FE00B9 /* Debug */ = {
			isa = XCBuildConfiguration;
			buildSettings = {
				ASSETCATALOG_COMPILER_APPICON_NAME = AppIcon;
				CODE_SIGN_STYLE = Automatic;
				DEVELOPMENT_TEAM = G3793W2RJ2;
				INFOPLIST_FILE = Source/Info.plist;
				LD_RUNPATH_SEARCH_PATHS = (
					"$(inherited)",
					"@executable_path/Frameworks",
				);
				PRODUCT_BUNDLE_IDENTIFIER = com.klaviyo.Example;
				PRODUCT_NAME = "$(TARGET_NAME)";
				SWIFT_VERSION = 5.0;
				TARGETED_DEVICE_FAMILY = "1,2";
			};
			name = Debug;
		};
		7CDDB4A121FD545E00FE00B9 /* Release */ = {
			isa = XCBuildConfiguration;
			buildSettings = {
				ASSETCATALOG_COMPILER_APPICON_NAME = AppIcon;
				CODE_SIGN_STYLE = Automatic;
				DEVELOPMENT_TEAM = G3793W2RJ2;
				INFOPLIST_FILE = Source/Info.plist;
				LD_RUNPATH_SEARCH_PATHS = (
					"$(inherited)",
					"@executable_path/Frameworks",
				);
				PRODUCT_BUNDLE_IDENTIFIER = com.klaviyo.Example;
				PRODUCT_NAME = "$(TARGET_NAME)";
				SWIFT_VERSION = 5.0;
				TARGETED_DEVICE_FAMILY = "1,2";
			};
			name = Release;
		};
		7CDDB4A321FD545E00FE00B9 /* Debug */ = {
			isa = XCBuildConfiguration;
			buildSettings = {
				ALWAYS_EMBED_SWIFT_STANDARD_LIBRARIES = YES;
				BUNDLE_LOADER = "$(TEST_HOST)";
				CODE_SIGN_STYLE = Automatic;
				DEVELOPMENT_TEAM = G3793W2RJ2;
				INFOPLIST_FILE = ExampleTests/Info.plist;
				LD_RUNPATH_SEARCH_PATHS = (
					"$(inherited)",
					"@executable_path/Frameworks",
					"@loader_path/Frameworks",
				);
				PRODUCT_BUNDLE_IDENTIFIER = com.klaviyo.ExampleTests;
				PRODUCT_NAME = "$(TARGET_NAME)";
				SWIFT_VERSION = 4.2;
				TARGETED_DEVICE_FAMILY = "1,2";
				TEST_HOST = "$(BUILT_PRODUCTS_DIR)/Example.app/Example";
			};
			name = Debug;
		};
		7CDDB4A421FD545E00FE00B9 /* Release */ = {
			isa = XCBuildConfiguration;
			buildSettings = {
				ALWAYS_EMBED_SWIFT_STANDARD_LIBRARIES = YES;
				BUNDLE_LOADER = "$(TEST_HOST)";
				CODE_SIGN_STYLE = Automatic;
				DEVELOPMENT_TEAM = G3793W2RJ2;
				INFOPLIST_FILE = ExampleTests/Info.plist;
				LD_RUNPATH_SEARCH_PATHS = (
					"$(inherited)",
					"@executable_path/Frameworks",
					"@loader_path/Frameworks",
				);
				PRODUCT_BUNDLE_IDENTIFIER = com.klaviyo.ExampleTests;
				PRODUCT_NAME = "$(TARGET_NAME)";
				SWIFT_VERSION = 4.2;
				TARGETED_DEVICE_FAMILY = "1,2";
				TEST_HOST = "$(BUILT_PRODUCTS_DIR)/Example.app/Example";
			};
			name = Release;
		};
		7CDDB4A621FD545E00FE00B9 /* Debug */ = {
			isa = XCBuildConfiguration;
			buildSettings = {
				ALWAYS_EMBED_SWIFT_STANDARD_LIBRARIES = YES;
				CODE_SIGN_STYLE = Automatic;
				DEVELOPMENT_TEAM = G3793W2RJ2;
				INFOPLIST_FILE = ExampleUITests/Info.plist;
				LD_RUNPATH_SEARCH_PATHS = (
					"$(inherited)",
					"@executable_path/Frameworks",
					"@loader_path/Frameworks",
				);
				PRODUCT_BUNDLE_IDENTIFIER = com.klaviyo.ExampleUITests;
				PRODUCT_NAME = "$(TARGET_NAME)";
				SWIFT_VERSION = 4.2;
				TARGETED_DEVICE_FAMILY = "1,2";
				TEST_TARGET_NAME = Example;
			};
			name = Debug;
		};
		7CDDB4A721FD545E00FE00B9 /* Release */ = {
			isa = XCBuildConfiguration;
			buildSettings = {
				ALWAYS_EMBED_SWIFT_STANDARD_LIBRARIES = YES;
				CODE_SIGN_STYLE = Automatic;
				DEVELOPMENT_TEAM = G3793W2RJ2;
				INFOPLIST_FILE = ExampleUITests/Info.plist;
				LD_RUNPATH_SEARCH_PATHS = (
					"$(inherited)",
					"@executable_path/Frameworks",
					"@loader_path/Frameworks",
				);
				PRODUCT_BUNDLE_IDENTIFIER = com.klaviyo.ExampleUITests;
				PRODUCT_NAME = "$(TARGET_NAME)";
				SWIFT_VERSION = 4.2;
				TARGETED_DEVICE_FAMILY = "1,2";
				TEST_TARGET_NAME = Example;
			};
			name = Release;
		};
/* End XCBuildConfiguration section */

/* Begin XCConfigurationList section */
		7CDDB47221FD545C00FE00B9 /* Build configuration list for PBXProject "Example" */ = {
			isa = XCConfigurationList;
			buildConfigurations = (
				7CDDB49D21FD545E00FE00B9 /* Debug */,
				7CDDB49E21FD545E00FE00B9 /* Release */,
			);
			defaultConfigurationIsVisible = 0;
			defaultConfigurationName = Release;
		};
		7CDDB49F21FD545E00FE00B9 /* Build configuration list for PBXNativeTarget "Example" */ = {
			isa = XCConfigurationList;
			buildConfigurations = (
				7CDDB4A021FD545E00FE00B9 /* Debug */,
				7CDDB4A121FD545E00FE00B9 /* Release */,
			);
			defaultConfigurationIsVisible = 0;
			defaultConfigurationName = Release;
		};
		7CDDB4A221FD545E00FE00B9 /* Build configuration list for PBXNativeTarget "ExampleTests" */ = {
			isa = XCConfigurationList;
			buildConfigurations = (
				7CDDB4A321FD545E00FE00B9 /* Debug */,
				7CDDB4A421FD545E00FE00B9 /* Release */,
			);
			defaultConfigurationIsVisible = 0;
			defaultConfigurationName = Release;
		};
		7CDDB4A521FD545E00FE00B9 /* Build configuration list for PBXNativeTarget "ExampleUITests" */ = {
			isa = XCConfigurationList;
			buildConfigurations = (
				7CDDB4A621FD545E00FE00B9 /* Debug */,
				7CDDB4A721FD545E00FE00B9 /* Release */,
			);
			defaultConfigurationIsVisible = 0;
			defaultConfigurationName = Release;
		};
/* End XCConfigurationList section */
	};
	rootObject = 7CDDB46F21FD545C00FE00B9 /* Project object */;
}
