// !$*UTF8*$!
{
	archiveVersion = 1;
	classes = {
	};
	objectVersion = 55;
	objects = {

/* Begin PBXBuildFile section */
		340590E429CCCD520015991E /* DeepLinking.swift in Sources */ = {isa = PBXBuildFile; fileRef = 340590E229CCCD520015991E /* DeepLinking.swift */; };
		340590E529CCCD520015991E /* DebugViewController.swift in Sources */ = {isa = PBXBuildFile; fileRef = 340590E329CCCD520015991E /* DebugViewController.swift */; };
		34F2BEBB29AD203E006B8037 /* KlaviyoSwift in Frameworks */ = {isa = PBXBuildFile; productRef = 34F2BEBA29AD203E006B8037 /* KlaviyoSwift */; };
		7CC1C83828D74DB60073197F /* Images.xcassets in Resources */ = {isa = PBXBuildFile; fileRef = 7CC1C82C28D74DB60073197F /* Images.xcassets */; };
		7CC1C83928D74DB60073197F /* Main.storyboard in Resources */ = {isa = PBXBuildFile; fileRef = 7CC1C82D28D74DB60073197F /* Main.storyboard */; };
		7CC1C83A28D74DB60073197F /* MenuItem.swift in Sources */ = {isa = PBXBuildFile; fileRef = 7CC1C82E28D74DB60073197F /* MenuItem.swift */; };
		7CC1C83C28D74DB60073197F /* User.swift in Sources */ = {isa = PBXBuildFile; fileRef = 7CC1C83028D74DB60073197F /* User.swift */; };
		7CC1C83D28D74DB60073197F /* CheckOutViewController.swift in Sources */ = {isa = PBXBuildFile; fileRef = 7CC1C83128D74DB60073197F /* CheckOutViewController.swift */; };
		7CC1C83E28D74DB60073197F /* ViewController.swift in Sources */ = {isa = PBXBuildFile; fileRef = 7CC1C83228D74DB60073197F /* ViewController.swift */; };
		7CC1C83F28D74DB60073197F /* CheckOutTableViewCell.swift in Sources */ = {isa = PBXBuildFile; fileRef = 7CC1C83328D74DB60073197F /* CheckOutTableViewCell.swift */; };
		7CC1C84028D74DB60073197F /* MenuItemTableViewCell.swift in Sources */ = {isa = PBXBuildFile; fileRef = 7CC1C83428D74DB60073197F /* MenuItemTableViewCell.swift */; };
		7CC1C84128D74DB60073197F /* Cart.swift in Sources */ = {isa = PBXBuildFile; fileRef = 7CC1C83528D74DB60073197F /* Cart.swift */; };
		7CC1C84228D74DB60073197F /* MenuPageViewController.swift in Sources */ = {isa = PBXBuildFile; fileRef = 7CC1C83628D74DB60073197F /* MenuPageViewController.swift */; };
		7CC1C84328D74DB60073197F /* AppDelegate.swift in Sources */ = {isa = PBXBuildFile; fileRef = 7CC1C83728D74DB60073197F /* AppDelegate.swift */; };
/* End PBXBuildFile section */

/* Begin PBXContainerItemProxy section */
		7CC1C80F28D74D840073197F /* PBXContainerItemProxy */ = {
			isa = PBXContainerItemProxy;
			containerPortal = 7CC1C7F028D74D810073197F /* Project object */;
			proxyType = 1;
			remoteGlobalIDString = 7CC1C7F728D74D810073197F;
			remoteInfo = SPMExample;
		};
		7CC1C81928D74D840073197F /* PBXContainerItemProxy */ = {
			isa = PBXContainerItemProxy;
			containerPortal = 7CC1C7F028D74D810073197F /* Project object */;
			proxyType = 1;
			remoteGlobalIDString = 7CC1C7F728D74D810073197F;
			remoteInfo = SPMExample;
		};
/* End PBXContainerItemProxy section */

/* Begin PBXFileReference section */
		340590E229CCCD520015991E /* DeepLinking.swift */ = {isa = PBXFileReference; fileEncoding = 4; lastKnownFileType = sourcecode.swift; name = DeepLinking.swift; path = ../../Shared/DeepLinking.swift; sourceTree = "<group>"; };
		340590E329CCCD520015991E /* DebugViewController.swift */ = {isa = PBXFileReference; fileEncoding = 4; lastKnownFileType = sourcecode.swift; name = DebugViewController.swift; path = ../../Shared/DebugViewController.swift; sourceTree = "<group>"; };
		340BCBCB29AD84FF00BD4AE6 /* SPMExampleRelease.entitlements */ = {isa = PBXFileReference; lastKnownFileType = text.plist.entitlements; path = SPMExampleRelease.entitlements; sourceTree = "<group>"; };
		7CC1C7F828D74D810073197F /* SPMExample.app */ = {isa = PBXFileReference; explicitFileType = wrapper.application; includeInIndex = 0; path = SPMExample.app; sourceTree = BUILT_PRODUCTS_DIR; };
		7CC1C80928D74D830073197F /* Info.plist */ = {isa = PBXFileReference; lastKnownFileType = text.plist.xml; path = Info.plist; sourceTree = "<group>"; };
		7CC1C80E28D74D840073197F /* SPMExampleTests.xctest */ = {isa = PBXFileReference; explicitFileType = wrapper.cfbundle; includeInIndex = 0; path = SPMExampleTests.xctest; sourceTree = BUILT_PRODUCTS_DIR; };
		7CC1C81828D74D840073197F /* SPMExampleUITests.xctest */ = {isa = PBXFileReference; explicitFileType = wrapper.cfbundle; includeInIndex = 0; path = SPMExampleUITests.xctest; sourceTree = BUILT_PRODUCTS_DIR; };
		7CC1C82B28D74DB50073197F /* SPMExample-Bridging-Header.h */ = {isa = PBXFileReference; lastKnownFileType = sourcecode.c.h; path = "SPMExample-Bridging-Header.h"; sourceTree = "<group>"; };
		7CC1C82C28D74DB60073197F /* Images.xcassets */ = {isa = PBXFileReference; lastKnownFileType = folder.assetcatalog; name = Images.xcassets; path = ../../Shared/Images.xcassets; sourceTree = "<group>"; };
		7CC1C82D28D74DB60073197F /* Main.storyboard */ = {isa = PBXFileReference; fileEncoding = 4; lastKnownFileType = file.storyboard; name = Main.storyboard; path = ../../Shared/Main.storyboard; sourceTree = "<group>"; };
		7CC1C82E28D74DB60073197F /* MenuItem.swift */ = {isa = PBXFileReference; fileEncoding = 4; lastKnownFileType = sourcecode.swift; name = MenuItem.swift; path = ../../Shared/MenuItem.swift; sourceTree = "<group>"; };
		7CC1C83028D74DB60073197F /* User.swift */ = {isa = PBXFileReference; fileEncoding = 4; lastKnownFileType = sourcecode.swift; name = User.swift; path = ../../Shared/User.swift; sourceTree = "<group>"; };
		7CC1C83128D74DB60073197F /* CheckOutViewController.swift */ = {isa = PBXFileReference; fileEncoding = 4; lastKnownFileType = sourcecode.swift; name = CheckOutViewController.swift; path = ../../Shared/CheckOutViewController.swift; sourceTree = "<group>"; };
		7CC1C83228D74DB60073197F /* ViewController.swift */ = {isa = PBXFileReference; fileEncoding = 4; lastKnownFileType = sourcecode.swift; name = ViewController.swift; path = ../../Shared/ViewController.swift; sourceTree = "<group>"; };
		7CC1C83328D74DB60073197F /* CheckOutTableViewCell.swift */ = {isa = PBXFileReference; fileEncoding = 4; lastKnownFileType = sourcecode.swift; name = CheckOutTableViewCell.swift; path = ../../Shared/CheckOutTableViewCell.swift; sourceTree = "<group>"; };
		7CC1C83428D74DB60073197F /* MenuItemTableViewCell.swift */ = {isa = PBXFileReference; fileEncoding = 4; lastKnownFileType = sourcecode.swift; name = MenuItemTableViewCell.swift; path = ../../Shared/MenuItemTableViewCell.swift; sourceTree = "<group>"; };
		7CC1C83528D74DB60073197F /* Cart.swift */ = {isa = PBXFileReference; fileEncoding = 4; lastKnownFileType = sourcecode.swift; name = Cart.swift; path = ../../Shared/Cart.swift; sourceTree = "<group>"; };
		7CC1C83628D74DB60073197F /* MenuPageViewController.swift */ = {isa = PBXFileReference; fileEncoding = 4; lastKnownFileType = sourcecode.swift; name = MenuPageViewController.swift; path = ../../Shared/MenuPageViewController.swift; sourceTree = "<group>"; };
		7CC1C83728D74DB60073197F /* AppDelegate.swift */ = {isa = PBXFileReference; fileEncoding = 4; lastKnownFileType = sourcecode.swift; name = AppDelegate.swift; path = ../../Shared/AppDelegate.swift; sourceTree = "<group>"; };
/* End PBXFileReference section */

/* Begin PBXFrameworksBuildPhase section */
		7CC1C7F528D74D810073197F /* Frameworks */ = {
			isa = PBXFrameworksBuildPhase;
			buildActionMask = 2147483647;
			files = (
				34F2BEBB29AD203E006B8037 /* KlaviyoSwift in Frameworks */,
			);
			runOnlyForDeploymentPostprocessing = 0;
		};
		7CC1C80B28D74D840073197F /* Frameworks */ = {
			isa = PBXFrameworksBuildPhase;
			buildActionMask = 2147483647;
			files = (
			);
			runOnlyForDeploymentPostprocessing = 0;
		};
		7CC1C81528D74D840073197F /* Frameworks */ = {
			isa = PBXFrameworksBuildPhase;
			buildActionMask = 2147483647;
			files = (
			);
			runOnlyForDeploymentPostprocessing = 0;
		};
/* End PBXFrameworksBuildPhase section */

/* Begin PBXGroup section */
		7CC1C7EF28D74D810073197F = {
			isa = PBXGroup;
			children = (
				7CC1C7FA28D74D810073197F /* SPMExample */,
				7CC1C7F928D74D810073197F /* Products */,
			);
			sourceTree = "<group>";
		};
		7CC1C7F928D74D810073197F /* Products */ = {
			isa = PBXGroup;
			children = (
				7CC1C7F828D74D810073197F /* SPMExample.app */,
				7CC1C80E28D74D840073197F /* SPMExampleTests.xctest */,
				7CC1C81828D74D840073197F /* SPMExampleUITests.xctest */,
			);
			name = Products;
			sourceTree = "<group>";
		};
		7CC1C7FA28D74D810073197F /* SPMExample */ = {
			isa = PBXGroup;
			children = (
				340590E329CCCD520015991E /* DebugViewController.swift */,
				340590E229CCCD520015991E /* DeepLinking.swift */,
				340BCBCB29AD84FF00BD4AE6 /* SPMExampleRelease.entitlements */,
				7CC1C83728D74DB60073197F /* AppDelegate.swift */,
				7CC1C83528D74DB60073197F /* Cart.swift */,
				7CC1C83328D74DB60073197F /* CheckOutTableViewCell.swift */,
				7CC1C83128D74DB60073197F /* CheckOutViewController.swift */,
				7CC1C82C28D74DB60073197F /* Images.xcassets */,
				7CC1C82D28D74DB60073197F /* Main.storyboard */,
				7CC1C82E28D74DB60073197F /* MenuItem.swift */,
				7CC1C83428D74DB60073197F /* MenuItemTableViewCell.swift */,
				7CC1C83628D74DB60073197F /* MenuPageViewController.swift */,
				7CC1C83028D74DB60073197F /* User.swift */,
				7CC1C83228D74DB60073197F /* ViewController.swift */,
				7CC1C80928D74D830073197F /* Info.plist */,
				7CC1C82B28D74DB50073197F /* SPMExample-Bridging-Header.h */,
			);
			path = SPMExample;
			sourceTree = "<group>";
		};
/* End PBXGroup section */

/* Begin PBXNativeTarget section */
		7CC1C7F728D74D810073197F /* SPMExample */ = {
			isa = PBXNativeTarget;
			buildConfigurationList = 7CC1C82228D74D840073197F /* Build configuration list for PBXNativeTarget "SPMExample" */;
			buildPhases = (
				7CC1C7F428D74D810073197F /* Sources */,
				7CC1C7F528D74D810073197F /* Frameworks */,
				7CC1C7F628D74D810073197F /* Resources */,
			);
			buildRules = (
			);
			dependencies = (
			);
			name = SPMExample;
			packageProductDependencies = (
				34F2BEBA29AD203E006B8037 /* KlaviyoSwift */,
			);
			productName = SPMExample;
			productReference = 7CC1C7F828D74D810073197F /* SPMExample.app */;
			productType = "com.apple.product-type.application";
		};
		7CC1C80D28D74D840073197F /* SPMExampleTests */ = {
			isa = PBXNativeTarget;
			buildConfigurationList = 7CC1C82528D74D840073197F /* Build configuration list for PBXNativeTarget "SPMExampleTests" */;
			buildPhases = (
				7CC1C80A28D74D840073197F /* Sources */,
				7CC1C80B28D74D840073197F /* Frameworks */,
				7CC1C80C28D74D840073197F /* Resources */,
			);
			buildRules = (
			);
			dependencies = (
				7CC1C81028D74D840073197F /* PBXTargetDependency */,
			);
			name = SPMExampleTests;
			productName = SPMExampleTests;
			productReference = 7CC1C80E28D74D840073197F /* SPMExampleTests.xctest */;
			productType = "com.apple.product-type.bundle.unit-test";
		};
		7CC1C81728D74D840073197F /* SPMExampleUITests */ = {
			isa = PBXNativeTarget;
			buildConfigurationList = 7CC1C82828D74D840073197F /* Build configuration list for PBXNativeTarget "SPMExampleUITests" */;
			buildPhases = (
				7CC1C81428D74D840073197F /* Sources */,
				7CC1C81528D74D840073197F /* Frameworks */,
				7CC1C81628D74D840073197F /* Resources */,
			);
			buildRules = (
			);
			dependencies = (
				7CC1C81A28D74D840073197F /* PBXTargetDependency */,
			);
			name = SPMExampleUITests;
			productName = SPMExampleUITests;
			productReference = 7CC1C81828D74D840073197F /* SPMExampleUITests.xctest */;
			productType = "com.apple.product-type.bundle.ui-testing";
		};
/* End PBXNativeTarget section */

/* Begin PBXProject section */
		7CC1C7F028D74D810073197F /* Project object */ = {
			isa = PBXProject;
			attributes = {
				BuildIndependentTargetsInParallel = 1;
				LastSwiftUpdateCheck = 1340;
				LastUpgradeCheck = 1340;
				TargetAttributes = {
					7CC1C7F728D74D810073197F = {
						CreatedOnToolsVersion = 13.4.1;
						LastSwiftMigration = 1340;
					};
					7CC1C80D28D74D840073197F = {
						CreatedOnToolsVersion = 13.4.1;
						TestTargetID = 7CC1C7F728D74D810073197F;
					};
					7CC1C81728D74D840073197F = {
						CreatedOnToolsVersion = 13.4.1;
						TestTargetID = 7CC1C7F728D74D810073197F;
					};
				};
			};
			buildConfigurationList = 7CC1C7F328D74D810073197F /* Build configuration list for PBXProject "SPMExample" */;
			compatibilityVersion = "Xcode 13.0";
			developmentRegion = en;
			hasScannedForEncodings = 0;
			knownRegions = (
				en,
				Base,
			);
			mainGroup = 7CC1C7EF28D74D810073197F;
			packageReferences = (
				34F2BEB929AD203E006B8037 /* XCRemoteSwiftPackageReference "klaviyo-swift-sdk" */,
			);
			productRefGroup = 7CC1C7F928D74D810073197F /* Products */;
			projectDirPath = "";
			projectRoot = "";
			targets = (
				7CC1C7F728D74D810073197F /* SPMExample */,
				7CC1C80D28D74D840073197F /* SPMExampleTests */,
				7CC1C81728D74D840073197F /* SPMExampleUITests */,
			);
		};
/* End PBXProject section */

/* Begin PBXResourcesBuildPhase section */
		7CC1C7F628D74D810073197F /* Resources */ = {
			isa = PBXResourcesBuildPhase;
			buildActionMask = 2147483647;
			files = (
				7CC1C83828D74DB60073197F /* Images.xcassets in Resources */,
				7CC1C83928D74DB60073197F /* Main.storyboard in Resources */,
			);
			runOnlyForDeploymentPostprocessing = 0;
		};
		7CC1C80C28D74D840073197F /* Resources */ = {
			isa = PBXResourcesBuildPhase;
			buildActionMask = 2147483647;
			files = (
			);
			runOnlyForDeploymentPostprocessing = 0;
		};
		7CC1C81628D74D840073197F /* Resources */ = {
			isa = PBXResourcesBuildPhase;
			buildActionMask = 2147483647;
			files = (
			);
			runOnlyForDeploymentPostprocessing = 0;
		};
/* End PBXResourcesBuildPhase section */

/* Begin PBXSourcesBuildPhase section */
		7CC1C7F428D74D810073197F /* Sources */ = {
			isa = PBXSourcesBuildPhase;
			buildActionMask = 2147483647;
			files = (
				7CC1C84228D74DB60073197F /* MenuPageViewController.swift in Sources */,
				7CC1C83D28D74DB60073197F /* CheckOutViewController.swift in Sources */,
				340590E529CCCD520015991E /* DebugViewController.swift in Sources */,
				7CC1C83C28D74DB60073197F /* User.swift in Sources */,
				7CC1C84328D74DB60073197F /* AppDelegate.swift in Sources */,
				340590E429CCCD520015991E /* DeepLinking.swift in Sources */,
				7CC1C83E28D74DB60073197F /* ViewController.swift in Sources */,
				7CC1C84128D74DB60073197F /* Cart.swift in Sources */,
				7CC1C84028D74DB60073197F /* MenuItemTableViewCell.swift in Sources */,
				7CC1C83A28D74DB60073197F /* MenuItem.swift in Sources */,
				7CC1C83F28D74DB60073197F /* CheckOutTableViewCell.swift in Sources */,
			);
			runOnlyForDeploymentPostprocessing = 0;
		};
		7CC1C80A28D74D840073197F /* Sources */ = {
			isa = PBXSourcesBuildPhase;
			buildActionMask = 2147483647;
			files = (
			);
			runOnlyForDeploymentPostprocessing = 0;
		};
		7CC1C81428D74D840073197F /* Sources */ = {
			isa = PBXSourcesBuildPhase;
			buildActionMask = 2147483647;
			files = (
			);
			runOnlyForDeploymentPostprocessing = 0;
		};
/* End PBXSourcesBuildPhase section */

/* Begin PBXTargetDependency section */
		7CC1C81028D74D840073197F /* PBXTargetDependency */ = {
			isa = PBXTargetDependency;
			target = 7CC1C7F728D74D810073197F /* SPMExample */;
			targetProxy = 7CC1C80F28D74D840073197F /* PBXContainerItemProxy */;
		};
		7CC1C81A28D74D840073197F /* PBXTargetDependency */ = {
			isa = PBXTargetDependency;
			target = 7CC1C7F728D74D810073197F /* SPMExample */;
			targetProxy = 7CC1C81928D74D840073197F /* PBXContainerItemProxy */;
		};
/* End PBXTargetDependency section */

/* Begin XCBuildConfiguration section */
		7CC1C82028D74D840073197F /* Debug */ = {
			isa = XCBuildConfiguration;
			buildSettings = {
				ALWAYS_SEARCH_USER_PATHS = NO;
				CLANG_ANALYZER_NONNULL = YES;
				CLANG_ANALYZER_NUMBER_OBJECT_CONVERSION = YES_AGGRESSIVE;
				CLANG_CXX_LANGUAGE_STANDARD = "gnu++17";
				CLANG_ENABLE_MODULES = YES;
				CLANG_ENABLE_OBJC_ARC = YES;
				CLANG_ENABLE_OBJC_WEAK = YES;
				CLANG_WARN_BLOCK_CAPTURE_AUTORELEASING = YES;
				CLANG_WARN_BOOL_CONVERSION = YES;
				CLANG_WARN_COMMA = YES;
				CLANG_WARN_CONSTANT_CONVERSION = YES;
				CLANG_WARN_DEPRECATED_OBJC_IMPLEMENTATIONS = YES;
				CLANG_WARN_DIRECT_OBJC_ISA_USAGE = YES_ERROR;
				CLANG_WARN_DOCUMENTATION_COMMENTS = YES;
				CLANG_WARN_EMPTY_BODY = YES;
				CLANG_WARN_ENUM_CONVERSION = YES;
				CLANG_WARN_INFINITE_RECURSION = YES;
				CLANG_WARN_INT_CONVERSION = YES;
				CLANG_WARN_NON_LITERAL_NULL_CONVERSION = YES;
				CLANG_WARN_OBJC_IMPLICIT_RETAIN_SELF = YES;
				CLANG_WARN_OBJC_LITERAL_CONVERSION = YES;
				CLANG_WARN_OBJC_ROOT_CLASS = YES_ERROR;
				CLANG_WARN_QUOTED_INCLUDE_IN_FRAMEWORK_HEADER = YES;
				CLANG_WARN_RANGE_LOOP_ANALYSIS = YES;
				CLANG_WARN_STRICT_PROTOTYPES = YES;
				CLANG_WARN_SUSPICIOUS_MOVE = YES;
				CLANG_WARN_UNGUARDED_AVAILABILITY = YES_AGGRESSIVE;
				CLANG_WARN_UNREACHABLE_CODE = YES;
				CLANG_WARN__DUPLICATE_METHOD_MATCH = YES;
				COPY_PHASE_STRIP = NO;
				DEBUG_INFORMATION_FORMAT = dwarf;
				ENABLE_STRICT_OBJC_MSGSEND = YES;
				ENABLE_TESTABILITY = YES;
				GCC_C_LANGUAGE_STANDARD = gnu11;
				GCC_DYNAMIC_NO_PIC = NO;
				GCC_NO_COMMON_BLOCKS = YES;
				GCC_OPTIMIZATION_LEVEL = 0;
				GCC_PREPROCESSOR_DEFINITIONS = (
					"DEBUG=1",
					"$(inherited)",
				);
				GCC_WARN_64_TO_32_BIT_CONVERSION = YES;
				GCC_WARN_ABOUT_RETURN_TYPE = YES_ERROR;
				GCC_WARN_UNDECLARED_SELECTOR = YES;
				GCC_WARN_UNINITIALIZED_AUTOS = YES_AGGRESSIVE;
				GCC_WARN_UNUSED_FUNCTION = YES;
				GCC_WARN_UNUSED_VARIABLE = YES;
				IPHONEOS_DEPLOYMENT_TARGET = 15.5;
				MTL_ENABLE_DEBUG_INFO = INCLUDE_SOURCE;
				MTL_FAST_MATH = YES;
				ONLY_ACTIVE_ARCH = YES;
				SDKROOT = iphoneos;
				SWIFT_ACTIVE_COMPILATION_CONDITIONS = DEBUG;
				SWIFT_OPTIMIZATION_LEVEL = "-Onone";
			};
			name = Debug;
		};
		7CC1C82128D74D840073197F /* Release */ = {
			isa = XCBuildConfiguration;
			buildSettings = {
				ALWAYS_SEARCH_USER_PATHS = NO;
				CLANG_ANALYZER_NONNULL = YES;
				CLANG_ANALYZER_NUMBER_OBJECT_CONVERSION = YES_AGGRESSIVE;
				CLANG_CXX_LANGUAGE_STANDARD = "gnu++17";
				CLANG_ENABLE_MODULES = YES;
				CLANG_ENABLE_OBJC_ARC = YES;
				CLANG_ENABLE_OBJC_WEAK = YES;
				CLANG_WARN_BLOCK_CAPTURE_AUTORELEASING = YES;
				CLANG_WARN_BOOL_CONVERSION = YES;
				CLANG_WARN_COMMA = YES;
				CLANG_WARN_CONSTANT_CONVERSION = YES;
				CLANG_WARN_DEPRECATED_OBJC_IMPLEMENTATIONS = YES;
				CLANG_WARN_DIRECT_OBJC_ISA_USAGE = YES_ERROR;
				CLANG_WARN_DOCUMENTATION_COMMENTS = YES;
				CLANG_WARN_EMPTY_BODY = YES;
				CLANG_WARN_ENUM_CONVERSION = YES;
				CLANG_WARN_INFINITE_RECURSION = YES;
				CLANG_WARN_INT_CONVERSION = YES;
				CLANG_WARN_NON_LITERAL_NULL_CONVERSION = YES;
				CLANG_WARN_OBJC_IMPLICIT_RETAIN_SELF = YES;
				CLANG_WARN_OBJC_LITERAL_CONVERSION = YES;
				CLANG_WARN_OBJC_ROOT_CLASS = YES_ERROR;
				CLANG_WARN_QUOTED_INCLUDE_IN_FRAMEWORK_HEADER = YES;
				CLANG_WARN_RANGE_LOOP_ANALYSIS = YES;
				CLANG_WARN_STRICT_PROTOTYPES = YES;
				CLANG_WARN_SUSPICIOUS_MOVE = YES;
				CLANG_WARN_UNGUARDED_AVAILABILITY = YES_AGGRESSIVE;
				CLANG_WARN_UNREACHABLE_CODE = YES;
				CLANG_WARN__DUPLICATE_METHOD_MATCH = YES;
				COPY_PHASE_STRIP = NO;
				DEBUG_INFORMATION_FORMAT = "dwarf-with-dsym";
				ENABLE_NS_ASSERTIONS = NO;
				ENABLE_STRICT_OBJC_MSGSEND = YES;
				GCC_C_LANGUAGE_STANDARD = gnu11;
				GCC_NO_COMMON_BLOCKS = YES;
				GCC_WARN_64_TO_32_BIT_CONVERSION = YES;
				GCC_WARN_ABOUT_RETURN_TYPE = YES_ERROR;
				GCC_WARN_UNDECLARED_SELECTOR = YES;
				GCC_WARN_UNINITIALIZED_AUTOS = YES_AGGRESSIVE;
				GCC_WARN_UNUSED_FUNCTION = YES;
				GCC_WARN_UNUSED_VARIABLE = YES;
				IPHONEOS_DEPLOYMENT_TARGET = 15.5;
				MTL_ENABLE_DEBUG_INFO = NO;
				MTL_FAST_MATH = YES;
				SDKROOT = iphoneos;
				SWIFT_COMPILATION_MODE = wholemodule;
				SWIFT_OPTIMIZATION_LEVEL = "-O";
				VALIDATE_PRODUCT = YES;
			};
			name = Release;
		};
		7CC1C82328D74D840073197F /* Debug */ = {
			isa = XCBuildConfiguration;
			buildSettings = {
				ASSETCATALOG_COMPILER_APPICON_NAME = AppIcon;
				ASSETCATALOG_COMPILER_GLOBAL_ACCENT_COLOR_NAME = AccentColor;
				CLANG_ENABLE_MODULES = YES;
				CODE_SIGN_STYLE = Automatic;
				CURRENT_PROJECT_VERSION = 1;
				DEVELOPMENT_TEAM = G3793W2RJ2;
				GENERATE_INFOPLIST_FILE = YES;
				INFOPLIST_FILE = SPMExample/Info.plist;
				INFOPLIST_KEY_UIApplicationSupportsIndirectInputEvents = YES;
				INFOPLIST_KEY_UILaunchStoryboardName = LaunchScreen;
				INFOPLIST_KEY_UIMainStoryboardFile = Main;
				INFOPLIST_KEY_UIRequiredDeviceCapabilities = armv7;
				INFOPLIST_KEY_UISupportedInterfaceOrientations = "UIInterfaceOrientationPortrait UIInterfaceOrientationLandscapeLeft";
				INFOPLIST_KEY_UISupportedInterfaceOrientations_iPad = "UIInterfaceOrientationPortrait UIInterfaceOrientationPortraitUpsideDown UIInterfaceOrientationLandscapeLeft UIInterfaceOrientationLandscapeRight";
				INFOPLIST_KEY_UISupportedInterfaceOrientations_iPhone = "UIInterfaceOrientationPortrait UIInterfaceOrientationLandscapeLeft UIInterfaceOrientationLandscapeRight";
				LD_RUNPATH_SEARCH_PATHS = (
					"$(inherited)",
					"@executable_path/Frameworks",
				);
				MARKETING_VERSION = 1.0;
				PRODUCT_BUNDLE_IDENTIFIER = com.klaviyo.spm.example.SPMExample;
				PRODUCT_NAME = "$(TARGET_NAME)";
				SWIFT_EMIT_LOC_STRINGS = YES;
				SWIFT_OBJC_BRIDGING_HEADER = "SPMExample/SPMExample-Bridging-Header.h";
				SWIFT_OPTIMIZATION_LEVEL = "-Onone";
				SWIFT_VERSION = 5.0;
				TARGETED_DEVICE_FAMILY = "1,2";
			};
			name = Debug;
		};
		7CC1C82428D74D840073197F /* Release */ = {
			isa = XCBuildConfiguration;
			buildSettings = {
				ASSETCATALOG_COMPILER_APPICON_NAME = AppIcon;
				ASSETCATALOG_COMPILER_GLOBAL_ACCENT_COLOR_NAME = AccentColor;
				CLANG_ENABLE_MODULES = YES;
				CODE_SIGN_ENTITLEMENTS = SPMExample/SPMExampleRelease.entitlements;
				CODE_SIGN_STYLE = Automatic;
				CURRENT_PROJECT_VERSION = 1;
				DEVELOPMENT_TEAM = G3793W2RJ2;
				GENERATE_INFOPLIST_FILE = YES;
				INFOPLIST_FILE = SPMExample/Info.plist;
				INFOPLIST_KEY_UIApplicationSupportsIndirectInputEvents = YES;
				INFOPLIST_KEY_UILaunchStoryboardName = LaunchScreen;
				INFOPLIST_KEY_UIMainStoryboardFile = Main;
				INFOPLIST_KEY_UIRequiredDeviceCapabilities = armv7;
				INFOPLIST_KEY_UISupportedInterfaceOrientations = "UIInterfaceOrientationPortrait UIInterfaceOrientationLandscapeLeft";
				INFOPLIST_KEY_UISupportedInterfaceOrientations_iPad = "UIInterfaceOrientationPortrait UIInterfaceOrientationPortraitUpsideDown UIInterfaceOrientationLandscapeLeft UIInterfaceOrientationLandscapeRight";
				INFOPLIST_KEY_UISupportedInterfaceOrientations_iPhone = "UIInterfaceOrientationPortrait UIInterfaceOrientationLandscapeLeft UIInterfaceOrientationLandscapeRight";
				LD_RUNPATH_SEARCH_PATHS = (
					"$(inherited)",
					"@executable_path/Frameworks",
				);
				MARKETING_VERSION = 1.0;
				PRODUCT_BUNDLE_IDENTIFIER = com.klaviyo.spm.example.SPMExample;
				PRODUCT_NAME = "$(TARGET_NAME)";
				SWIFT_EMIT_LOC_STRINGS = YES;
				SWIFT_OBJC_BRIDGING_HEADER = "SPMExample/SPMExample-Bridging-Header.h";
				SWIFT_VERSION = 5.0;
				TARGETED_DEVICE_FAMILY = "1,2";
			};
			name = Release;
		};
		7CC1C82628D74D840073197F /* Debug */ = {
			isa = XCBuildConfiguration;
			buildSettings = {
				ALWAYS_EMBED_SWIFT_STANDARD_LIBRARIES = YES;
				BUNDLE_LOADER = "$(TEST_HOST)";
				CODE_SIGN_STYLE = Automatic;
				CURRENT_PROJECT_VERSION = 1;
				DEVELOPMENT_TEAM = G3793W2RJ2;
				GENERATE_INFOPLIST_FILE = YES;
				IPHONEOS_DEPLOYMENT_TARGET = 15.5;
				MARKETING_VERSION = 1.0;
				PRODUCT_BUNDLE_IDENTIFIER = com.klaviyo.spm.example.SPMExampleTests;
				PRODUCT_NAME = "$(TARGET_NAME)";
				SWIFT_EMIT_LOC_STRINGS = NO;
				SWIFT_VERSION = 5.0;
				TARGETED_DEVICE_FAMILY = "1,2";
				TEST_HOST = "$(BUILT_PRODUCTS_DIR)/SPMExample.app/SPMExample";
			};
			name = Debug;
		};
		7CC1C82728D74D840073197F /* Release */ = {
			isa = XCBuildConfiguration;
			buildSettings = {
				ALWAYS_EMBED_SWIFT_STANDARD_LIBRARIES = YES;
				BUNDLE_LOADER = "$(TEST_HOST)";
				CODE_SIGN_STYLE = Automatic;
				CURRENT_PROJECT_VERSION = 1;
				DEVELOPMENT_TEAM = G3793W2RJ2;
				GENERATE_INFOPLIST_FILE = YES;
				IPHONEOS_DEPLOYMENT_TARGET = 15.5;
				MARKETING_VERSION = 1.0;
				PRODUCT_BUNDLE_IDENTIFIER = com.klaviyo.spm.example.SPMExampleTests;
				PRODUCT_NAME = "$(TARGET_NAME)";
				SWIFT_EMIT_LOC_STRINGS = NO;
				SWIFT_VERSION = 5.0;
				TARGETED_DEVICE_FAMILY = "1,2";
				TEST_HOST = "$(BUILT_PRODUCTS_DIR)/SPMExample.app/SPMExample";
			};
			name = Release;
		};
		7CC1C82928D74D840073197F /* Debug */ = {
			isa = XCBuildConfiguration;
			buildSettings = {
				ALWAYS_EMBED_SWIFT_STANDARD_LIBRARIES = YES;
				CODE_SIGN_STYLE = Automatic;
				CURRENT_PROJECT_VERSION = 1;
				DEVELOPMENT_TEAM = G3793W2RJ2;
				GENERATE_INFOPLIST_FILE = YES;
				MARKETING_VERSION = 1.0;
				PRODUCT_BUNDLE_IDENTIFIER = com.klaviyo.spm.example.SPMExampleUITests;
				PRODUCT_NAME = "$(TARGET_NAME)";
				SWIFT_EMIT_LOC_STRINGS = NO;
				SWIFT_VERSION = 5.0;
				TARGETED_DEVICE_FAMILY = "1,2";
				TEST_TARGET_NAME = SPMExample;
			};
			name = Debug;
		};
		7CC1C82A28D74D840073197F /* Release */ = {
			isa = XCBuildConfiguration;
			buildSettings = {
				ALWAYS_EMBED_SWIFT_STANDARD_LIBRARIES = YES;
				CODE_SIGN_STYLE = Automatic;
				CURRENT_PROJECT_VERSION = 1;
				DEVELOPMENT_TEAM = G3793W2RJ2;
				GENERATE_INFOPLIST_FILE = YES;
				MARKETING_VERSION = 1.0;
				PRODUCT_BUNDLE_IDENTIFIER = com.klaviyo.spm.example.SPMExampleUITests;
				PRODUCT_NAME = "$(TARGET_NAME)";
				SWIFT_EMIT_LOC_STRINGS = NO;
				SWIFT_VERSION = 5.0;
				TARGETED_DEVICE_FAMILY = "1,2";
				TEST_TARGET_NAME = SPMExample;
			};
			name = Release;
		};
/* End XCBuildConfiguration section */

/* Begin XCConfigurationList section */
		7CC1C7F328D74D810073197F /* Build configuration list for PBXProject "SPMExample" */ = {
			isa = XCConfigurationList;
			buildConfigurations = (
				7CC1C82028D74D840073197F /* Debug */,
				7CC1C82128D74D840073197F /* Release */,
			);
			defaultConfigurationIsVisible = 0;
			defaultConfigurationName = Release;
		};
		7CC1C82228D74D840073197F /* Build configuration list for PBXNativeTarget "SPMExample" */ = {
			isa = XCConfigurationList;
			buildConfigurations = (
				7CC1C82328D74D840073197F /* Debug */,
				7CC1C82428D74D840073197F /* Release */,
			);
			defaultConfigurationIsVisible = 0;
			defaultConfigurationName = Release;
		};
		7CC1C82528D74D840073197F /* Build configuration list for PBXNativeTarget "SPMExampleTests" */ = {
			isa = XCConfigurationList;
			buildConfigurations = (
				7CC1C82628D74D840073197F /* Debug */,
				7CC1C82728D74D840073197F /* Release */,
			);
			defaultConfigurationIsVisible = 0;
			defaultConfigurationName = Release;
		};
		7CC1C82828D74D840073197F /* Build configuration list for PBXNativeTarget "SPMExampleUITests" */ = {
			isa = XCConfigurationList;
			buildConfigurations = (
				7CC1C82928D74D840073197F /* Debug */,
				7CC1C82A28D74D840073197F /* Release */,
			);
			defaultConfigurationIsVisible = 0;
			defaultConfigurationName = Release;
		};
/* End XCConfigurationList section */

/* Begin XCRemoteSwiftPackageReference section */
		34F2BEB929AD203E006B8037 /* XCRemoteSwiftPackageReference "klaviyo-swift-sdk" */ = {
			isa = XCRemoteSwiftPackageReference;
			repositoryURL = "https://github.com/klaviyo/klaviyo-swift-sdk";
			requirement = {
				kind = upToNextMajorVersion;
				minimumVersion = 2.0.1;
			};
		};
/* End XCRemoteSwiftPackageReference section */

/* Begin XCSwiftPackageProductDependency section */
		34F2BEBA29AD203E006B8037 /* KlaviyoSwift */ = {
			isa = XCSwiftPackageProductDependency;
			package = 34F2BEB929AD203E006B8037 /* XCRemoteSwiftPackageReference "klaviyo-swift-sdk" */;
			productName = KlaviyoSwift;
		};
/* End XCSwiftPackageProductDependency section */
	};
	rootObject = 7CC1C7F028D74D810073197F /* Project object */;
}
